// !$*UTF8*$!
{
	archiveVersion = 1;
	classes = {
	};
	objectVersion = 45;
	objects = {

/* Begin PBXBuildFile section */
		0B2264EE0F734BEF00DDDA04 /* TeamListView.xib in Resources */ = {isa = PBXBuildFile; fileRef = 0B2264ED0F734BEF00DDDA04 /* TeamListView.xib */; };
		0B31B95F0F86881700275DD9 /* Basketball_pictogram.png in Resources */ = {isa = PBXBuildFile; fileRef = 0B31B9530F86881700275DD9 /* Basketball_pictogram.png */; };
		0B31B9600F86881700275DD9 /* Baseball_pictogram.png in Resources */ = {isa = PBXBuildFile; fileRef = 0B31B9540F86881700275DD9 /* Baseball_pictogram.png */; };
		0B31B9610F86881700275DD9 /* Football_pictogram.png in Resources */ = {isa = PBXBuildFile; fileRef = 0B31B9550F86881700275DD9 /* Football_pictogram.png */; };
		0B31B9620F86881700275DD9 /* Swimming_pictogram.png in Resources */ = {isa = PBXBuildFile; fileRef = 0B31B9560F86881700275DD9 /* Swimming_pictogram.png */; };
		0B31B9630F86881700275DD9 /* Volleyball_(indoor)_pictogram.png in Resources */ = {isa = PBXBuildFile; fileRef = 0B31B9570F86881700275DD9 /* Volleyball_(indoor)_pictogram.png */; };
		0B31B9640F86881700275DD9 /* Rowing_pictogram.png in Resources */ = {isa = PBXBuildFile; fileRef = 0B31B9580F86881700275DD9 /* Rowing_pictogram.png */; };
		0B31B9650F86881700275DD9 /* Cycling_(road)_pictogram.png in Resources */ = {isa = PBXBuildFile; fileRef = 0B31B9590F86881700275DD9 /* Cycling_(road)_pictogram.png */; };
		0B31B9660F86881700275DD9 /* Gymnastics_(artistic)_pictogram.png in Resources */ = {isa = PBXBuildFile; fileRef = 0B31B95A0F86881700275DD9 /* Gymnastics_(artistic)_pictogram.png */; };
		0B31B9670F86881700275DD9 /* Futsal_pictogram.png in Resources */ = {isa = PBXBuildFile; fileRef = 0B31B95B0F86881700275DD9 /* Futsal_pictogram.png */; };
		0B31B9680F86881700275DD9 /* Wrestling_pictogram.png in Resources */ = {isa = PBXBuildFile; fileRef = 0B31B95C0F86881700275DD9 /* Wrestling_pictogram.png */; };
		0B31B9690F86881700275DD9 /* Gymnastics_(trampoline)_pictogram.png in Resources */ = {isa = PBXBuildFile; fileRef = 0B31B95D0F86881700275DD9 /* Gymnastics_(trampoline)_pictogram.png */; };
		0B31B96A0F86881700275DD9 /* Field_hockey_pictogram.png in Resources */ = {isa = PBXBuildFile; fileRef = 0B31B95E0F86881700275DD9 /* Field_hockey_pictogram.png */; };
		0B31B96D0F86888C00275DD9 /* logo.png in Resources */ = {isa = PBXBuildFile; fileRef = 0B31B96B0F86888C00275DD9 /* logo.png */; };
		0B31B96E0F86888C00275DD9 /* seal.png in Resources */ = {isa = PBXBuildFile; fileRef = 0B31B96C0F86888C00275DD9 /* seal.png */; };
		0B6E77B00FBC7C2F00C24972 /* NUStyledImageField.m in Sources */ = {isa = PBXBuildFile; fileRef = 0B6E77AE0FBC7C2F00C24972 /* NUStyledImageField.m */; };
		0B77053F0FC2DC2E004A8D08 /* 18-envelope.png in Resources */ = {isa = PBXBuildFile; fileRef = 0B7705370FC2DC2E004A8D08 /* 18-envelope.png */; };
		0B7705400FC2DC2E004A8D08 /* 41-picture-frame.png in Resources */ = {isa = PBXBuildFile; fileRef = 0B7705380FC2DC2E004A8D08 /* 41-picture-frame.png */; };
		0B7705410FC2DC2E004A8D08 /* 42-photos.png in Resources */ = {isa = PBXBuildFile; fileRef = 0B7705390FC2DC2E004A8D08 /* 42-photos.png */; };
		0B7705420FC2DC2E004A8D08 /* 45-movie1.png in Resources */ = {isa = PBXBuildFile; fileRef = 0B77053A0FC2DC2E004A8D08 /* 45-movie1.png */; };
		0B7705430FC2DC2E004A8D08 /* 67-tshirt.png in Resources */ = {isa = PBXBuildFile; fileRef = 0B77053B0FC2DC2E004A8D08 /* 67-tshirt.png */; };
		0B7705440FC2DC2E004A8D08 /* 68-display.png in Resources */ = {isa = PBXBuildFile; fileRef = 0B77053C0FC2DC2E004A8D08 /* 68-display.png */; };
		0B7705450FC2DC2E004A8D08 /* 70-tv.png in Resources */ = {isa = PBXBuildFile; fileRef = 0B77053D0FC2DC2E004A8D08 /* 70-tv.png */; };
		0B7705460FC2DC2E004A8D08 /* 46-movie2.png in Resources */ = {isa = PBXBuildFile; fileRef = 0B77053E0FC2DC2E004A8D08 /* 46-movie2.png */; };
		0B77054B0FC2DCEF004A8D08 /* TeamListViewController.m in Sources */ = {isa = PBXBuildFile; fileRef = 0B77054A0FC2DCEF004A8D08 /* TeamListViewController.m */; };
		0B77056E0FC2DE3D004A8D08 /* 66-microphone.png in Resources */ = {isa = PBXBuildFile; fileRef = 0B77056D0FC2DE3D004A8D08 /* 66-microphone.png */; };
		0B88D7E20F87EA41006A1B19 /* HeadlineView.xib in Resources */ = {isa = PBXBuildFile; fileRef = 0B88D7E10F87EA41006A1B19 /* HeadlineView.xib */; };
		0B88D83A0F87EF2A006A1B19 /* QuartzCore.framework in Frameworks */ = {isa = PBXBuildFile; fileRef = 0B88D8390F87EF2A006A1B19 /* QuartzCore.framework */; };
		0BF297BF0FC327C10058229B /* gonu.png in Resources */ = {isa = PBXBuildFile; fileRef = 0BF297BE0FC327C10058229B /* gonu.png */; };
		0BF297C30FC3296A0058229B /* northeastern-n.png in Resources */ = {isa = PBXBuildFile; fileRef = 0BF297C20FC3296A0058229B /* northeastern-n.png */; };
		0BF297E80FC32FFF0058229B /* Olympic_pictogram_Athletics.png in Resources */ = {isa = PBXBuildFile; fileRef = 0BF297E70FC32FFF0058229B /* Olympic_pictogram_Athletics.png */; };
		0BF297EA0FC330770058229B /* Olympic_pictogram_Ice_hockey.png in Resources */ = {isa = PBXBuildFile; fileRef = 0BF297E90FC330770058229B /* Olympic_pictogram_Ice_hockey.png */; };
		0BF297F30FC3322E0058229B /* VideoDataSource.m in Sources */ = {isa = PBXBuildFile; fileRef = 0BF297F20FC3322E0058229B /* VideoDataSource.m */; };
		0BF298060FC332CD0058229B /* VideoViewController.m in Sources */ = {isa = PBXBuildFile; fileRef = 0BF298050FC332CD0058229B /* VideoViewController.m */; };
		0BF298120FC333820058229B /* VideoView.xib in Resources */ = {isa = PBXBuildFile; fileRef = 0BF298110FC333820058229B /* VideoView.xib */; };
		0BFA6A390FB8B0B2007EBE4F /* FeedDataSource.m in Sources */ = {isa = PBXBuildFile; fileRef = 0BFA6A380FB8B0B2007EBE4F /* FeedDataSource.m */; };
		0BFA6A670FB8BE47007EBE4F /* HeadlineNewsController.m in Sources */ = {isa = PBXBuildFile; fileRef = 0BFA6A660FB8BE47007EBE4F /* HeadlineNewsController.m */; };
		0BFCE4380FA6562A004D7C95 /* CTidy.m in Sources */ = {isa = PBXBuildFile; fileRef = 0BFCE4220FA6562A004D7C95 /* CTidy.m */; };
		0BFCE4390FA6562A004D7C95 /* CXMLNode.m in Sources */ = {isa = PBXBuildFile; fileRef = 0BFCE4230FA6562A004D7C95 /* CXMLNode.m */; };
		0BFCE43A0FA6562A004D7C95 /* CXMLNode_XPathExtensions.m in Sources */ = {isa = PBXBuildFile; fileRef = 0BFCE4250FA6562A004D7C95 /* CXMLNode_XPathExtensions.m */; };
		0BFCE43B0FA6562A004D7C95 /* CXMLNode_PrivateExtensions.m in Sources */ = {isa = PBXBuildFile; fileRef = 0BFCE4270FA6562A004D7C95 /* CXMLNode_PrivateExtensions.m */; };
		0BFCE43C0FA6562A004D7C95 /* CXMLElement.m in Sources */ = {isa = PBXBuildFile; fileRef = 0BFCE4290FA6562A004D7C95 /* CXMLElement.m */; };
		0BFCE43D0FA6562A004D7C95 /* CXMLElement_ElementTreeExtensions.m in Sources */ = {isa = PBXBuildFile; fileRef = 0BFCE42B0FA6562A004D7C95 /* CXMLElement_ElementTreeExtensions.m */; };
		0BFCE43E0FA6562A004D7C95 /* CXMLElement_CreationExtensions.m in Sources */ = {isa = PBXBuildFile; fileRef = 0BFCE42D0FA6562A004D7C95 /* CXMLElement_CreationExtensions.m */; };
		0BFCE43F0FA6562A004D7C95 /* CXMLDocument.m in Sources */ = {isa = PBXBuildFile; fileRef = 0BFCE42F0FA6562A004D7C95 /* CXMLDocument.m */; };
		0BFCE4400FA6562A004D7C95 /* CXMLDocument_PrivateExtensions.m in Sources */ = {isa = PBXBuildFile; fileRef = 0BFCE4310FA6562A004D7C95 /* CXMLDocument_PrivateExtensions.m */; };
		0BFCE4410FA6562A004D7C95 /* CXMLDocument_CreationExtensions.m in Sources */ = {isa = PBXBuildFile; fileRef = 0BFCE4350FA6562A004D7C95 /* CXMLDocument_CreationExtensions.m */; };
		0BFCE4420FA6562A004D7C95 /* CXMLNode_CreationExtensions.m in Sources */ = {isa = PBXBuildFile; fileRef = 0BFCE4370FA6562A004D7C95 /* CXMLNode_CreationExtensions.m */; };
		0BFCE47A0FA65644004D7C95 /* access.c in Sources */ = {isa = PBXBuildFile; fileRef = 0BFCE44A0FA65644004D7C95 /* access.c */; };
		0BFCE47B0FA65644004D7C95 /* alloc.c in Sources */ = {isa = PBXBuildFile; fileRef = 0BFCE44C0FA65644004D7C95 /* alloc.c */; };
		0BFCE47C0FA65644004D7C95 /* attrask.c in Sources */ = {isa = PBXBuildFile; fileRef = 0BFCE44D0FA65644004D7C95 /* attrask.c */; };
		0BFCE47D0FA65644004D7C95 /* attrdict.c in Sources */ = {isa = PBXBuildFile; fileRef = 0BFCE44E0FA65644004D7C95 /* attrdict.c */; };
		0BFCE47E0FA65644004D7C95 /* attrget.c in Sources */ = {isa = PBXBuildFile; fileRef = 0BFCE4500FA65644004D7C95 /* attrget.c */; };
		0BFCE47F0FA65644004D7C95 /* attrs.c in Sources */ = {isa = PBXBuildFile; fileRef = 0BFCE4510FA65644004D7C95 /* attrs.c */; };
		0BFCE4800FA65644004D7C95 /* buffio.c in Sources */ = {isa = PBXBuildFile; fileRef = 0BFCE4530FA65644004D7C95 /* buffio.c */; };
		0BFCE4810FA65644004D7C95 /* charsets.c in Sources */ = {isa = PBXBuildFile; fileRef = 0BFCE4540FA65644004D7C95 /* charsets.c */; };
		0BFCE4820FA65644004D7C95 /* clean.c in Sources */ = {isa = PBXBuildFile; fileRef = 0BFCE4560FA65644004D7C95 /* clean.c */; };
		0BFCE4830FA65644004D7C95 /* config.c in Sources */ = {isa = PBXBuildFile; fileRef = 0BFCE4580FA65644004D7C95 /* config.c */; };
		0BFCE4840FA65644004D7C95 /* entities.c in Sources */ = {isa = PBXBuildFile; fileRef = 0BFCE45A0FA65644004D7C95 /* entities.c */; };
		0BFCE4850FA65644004D7C95 /* fileio.c in Sources */ = {isa = PBXBuildFile; fileRef = 0BFCE45C0FA65644004D7C95 /* fileio.c */; };
		0BFCE4860FA65644004D7C95 /* iconvtc.c in Sources */ = {isa = PBXBuildFile; fileRef = 0BFCE45F0FA65644004D7C95 /* iconvtc.c */; };
		0BFCE4870FA65644004D7C95 /* istack.c in Sources */ = {isa = PBXBuildFile; fileRef = 0BFCE4610FA65644004D7C95 /* istack.c */; };
		0BFCE4880FA65644004D7C95 /* lexer.c in Sources */ = {isa = PBXBuildFile; fileRef = 0BFCE4620FA65644004D7C95 /* lexer.c */; };
		0BFCE4890FA65644004D7C95 /* localize.c in Sources */ = {isa = PBXBuildFile; fileRef = 0BFCE4640FA65644004D7C95 /* localize.c */; };
		0BFCE48A0FA65644004D7C95 /* mappedio.c in Sources */ = {isa = PBXBuildFile; fileRef = 0BFCE4650FA65644004D7C95 /* mappedio.c */; };
		0BFCE48B0FA65644004D7C95 /* parser.c in Sources */ = {isa = PBXBuildFile; fileRef = 0BFCE4680FA65644004D7C95 /* parser.c */; };
		0BFCE48C0FA65644004D7C95 /* pprint.c in Sources */ = {isa = PBXBuildFile; fileRef = 0BFCE46A0FA65644004D7C95 /* pprint.c */; };
		0BFCE48D0FA65644004D7C95 /* streamio.c in Sources */ = {isa = PBXBuildFile; fileRef = 0BFCE46C0FA65644004D7C95 /* streamio.c */; };
		0BFCE48E0FA65644004D7C95 /* tagask.c in Sources */ = {isa = PBXBuildFile; fileRef = 0BFCE46E0FA65644004D7C95 /* tagask.c */; };
		0BFCE48F0FA65644004D7C95 /* tags.c in Sources */ = {isa = PBXBuildFile; fileRef = 0BFCE46F0FA65644004D7C95 /* tags.c */; };
		0BFCE4900FA65644004D7C95 /* tidylib.c in Sources */ = {isa = PBXBuildFile; fileRef = 0BFCE4720FA65644004D7C95 /* tidylib.c */; };
		0BFCE4910FA65644004D7C95 /* tmbstr.c in Sources */ = {isa = PBXBuildFile; fileRef = 0BFCE4730FA65644004D7C95 /* tmbstr.c */; };
		0BFCE4920FA65644004D7C95 /* utf8.c in Sources */ = {isa = PBXBuildFile; fileRef = 0BFCE4750FA65644004D7C95 /* utf8.c */; };
		0BFCE4930FA65644004D7C95 /* win32tc.c in Sources */ = {isa = PBXBuildFile; fileRef = 0BFCE4780FA65644004D7C95 /* win32tc.c */; };
		0BFCE4AF0FA656E7004D7C95 /* libThree20.a in Frameworks */ = {isa = PBXBuildFile; fileRef = 0BFCE49C0FA6565E004D7C95 /* libThree20.a */; };
		1D3623260D0F684500981E51 /* MainController.m in Sources */ = {isa = PBXBuildFile; fileRef = 1D3623250D0F684500981E51 /* MainController.m */; };
		1D60589B0D05DD56006BFB54 /* main.m in Sources */ = {isa = PBXBuildFile; fileRef = 29B97316FDCFA39411CA2CEA /* main.m */; };
		1D60589F0D05DD5A006BFB54 /* Foundation.framework in Frameworks */ = {isa = PBXBuildFile; fileRef = 1D30AB110D05D00D00671497 /* Foundation.framework */; };
		1DF5F4E00D08C38300B7A737 /* UIKit.framework in Frameworks */ = {isa = PBXBuildFile; fileRef = 1DF5F4DF0D08C38300B7A737 /* UIKit.framework */; };
		288765080DF74369002DB57D /* CoreGraphics.framework in Frameworks */ = {isa = PBXBuildFile; fileRef = 288765070DF74369002DB57D /* CoreGraphics.framework */; };
		28AD73880D9D96C1002E5188 /* MainWindow.xib in Resources */ = {isa = PBXBuildFile; fileRef = 28AD73870D9D96C1002E5188 /* MainWindow.xib */; };
/* End PBXBuildFile section */

/* Begin PBXContainerItemProxy section */
		0BFCE49B0FA6565E004D7C95 /* PBXContainerItemProxy */ = {
			isa = PBXContainerItemProxy;
			containerPortal = 0BFCE4940FA6565E004D7C95 /* Three20.xcodeproj */;
			proxyType = 2;
			remoteGlobalIDString = BEF31F3A0F352DF5000DE5D2;
			remoteInfo = Three20;
		};
		0BFCE4BF0FA65724004D7C95 /* PBXContainerItemProxy */ = {
			isa = PBXContainerItemProxy;
			containerPortal = 0BFCE4940FA6565E004D7C95 /* Three20.xcodeproj */;
			proxyType = 1;
			remoteGlobalIDString = BEF31F390F352DF5000DE5D2;
			remoteInfo = Three20;
		};
/* End PBXContainerItemProxy section */

/* Begin PBXCopyFilesBuildPhase section */
		0BFCE4F60FA65D31004D7C95 /* Frameworks */ = {
			isa = PBXCopyFilesBuildPhase;
			buildActionMask = 2147483647;
			dstPath = "";
			dstSubfolderSpec = 10;
			files = (
			);
			name = Frameworks;
			runOnlyForDeploymentPostprocessing = 0;
		};
/* End PBXCopyFilesBuildPhase section */

/* Begin PBXFileReference section */
		0B2264ED0F734BEF00DDDA04 /* TeamListView.xib */ = {isa = PBXFileReference; lastKnownFileType = file.xib; name = TeamListView.xib; path = resources/localized/TeamListView.xib; sourceTree = "<group>"; };
		0B31B9530F86881700275DD9 /* Basketball_pictogram.png */ = {isa = PBXFileReference; lastKnownFileType = image.png; name = Basketball_pictogram.png; path = resources/images/pictograms/Basketball_pictogram.png; sourceTree = "<group>"; };
		0B31B9540F86881700275DD9 /* Baseball_pictogram.png */ = {isa = PBXFileReference; lastKnownFileType = image.png; name = Baseball_pictogram.png; path = resources/images/pictograms/Baseball_pictogram.png; sourceTree = "<group>"; };
		0B31B9550F86881700275DD9 /* Football_pictogram.png */ = {isa = PBXFileReference; lastKnownFileType = image.png; name = Football_pictogram.png; path = resources/images/pictograms/Football_pictogram.png; sourceTree = "<group>"; };
		0B31B9560F86881700275DD9 /* Swimming_pictogram.png */ = {isa = PBXFileReference; lastKnownFileType = image.png; name = Swimming_pictogram.png; path = resources/images/pictograms/Swimming_pictogram.png; sourceTree = "<group>"; };
		0B31B9570F86881700275DD9 /* Volleyball_(indoor)_pictogram.png */ = {isa = PBXFileReference; lastKnownFileType = image.png; name = "Volleyball_(indoor)_pictogram.png"; path = "resources/images/pictograms/Volleyball_(indoor)_pictogram.png"; sourceTree = "<group>"; };
		0B31B9580F86881700275DD9 /* Rowing_pictogram.png */ = {isa = PBXFileReference; lastKnownFileType = image.png; name = Rowing_pictogram.png; path = resources/images/pictograms/Rowing_pictogram.png; sourceTree = "<group>"; };
		0B31B9590F86881700275DD9 /* Cycling_(road)_pictogram.png */ = {isa = PBXFileReference; lastKnownFileType = image.png; name = "Cycling_(road)_pictogram.png"; path = "resources/images/pictograms/Cycling_(road)_pictogram.png"; sourceTree = "<group>"; };
		0B31B95A0F86881700275DD9 /* Gymnastics_(artistic)_pictogram.png */ = {isa = PBXFileReference; lastKnownFileType = image.png; name = "Gymnastics_(artistic)_pictogram.png"; path = "resources/images/pictograms/Gymnastics_(artistic)_pictogram.png"; sourceTree = "<group>"; };
		0B31B95B0F86881700275DD9 /* Futsal_pictogram.png */ = {isa = PBXFileReference; lastKnownFileType = image.png; name = Futsal_pictogram.png; path = resources/images/pictograms/Futsal_pictogram.png; sourceTree = "<group>"; };
		0B31B95C0F86881700275DD9 /* Wrestling_pictogram.png */ = {isa = PBXFileReference; lastKnownFileType = image.png; name = Wrestling_pictogram.png; path = resources/images/pictograms/Wrestling_pictogram.png; sourceTree = "<group>"; };
		0B31B95D0F86881700275DD9 /* Gymnastics_(trampoline)_pictogram.png */ = {isa = PBXFileReference; lastKnownFileType = image.png; name = "Gymnastics_(trampoline)_pictogram.png"; path = "resources/images/pictograms/Gymnastics_(trampoline)_pictogram.png"; sourceTree = "<group>"; };
		0B31B95E0F86881700275DD9 /* Field_hockey_pictogram.png */ = {isa = PBXFileReference; lastKnownFileType = image.png; name = Field_hockey_pictogram.png; path = resources/images/pictograms/Field_hockey_pictogram.png; sourceTree = "<group>"; };
		0B31B96B0F86888C00275DD9 /* logo.png */ = {isa = PBXFileReference; lastKnownFileType = image.png; name = logo.png; path = resources/images/logos/logo.png; sourceTree = "<group>"; };
		0B31B96C0F86888C00275DD9 /* seal.png */ = {isa = PBXFileReference; lastKnownFileType = image.png; name = seal.png; path = resources/images/logos/seal.png; sourceTree = "<group>"; };
		0B6E77AE0FBC7C2F00C24972 /* NUStyledImageField.m */ = {isa = PBXFileReference; fileEncoding = 4; lastKnownFileType = sourcecode.c.objc; name = NUStyledImageField.m; path = src/views/NUStyledImageField.m; sourceTree = "<group>"; };
		0B6E77AF0FBC7C2F00C24972 /* NUStyledImageField.h */ = {isa = PBXFileReference; fileEncoding = 4; lastKnownFileType = sourcecode.c.h; name = NUStyledImageField.h; path = src/views/NUStyledImageField.h; sourceTree = "<group>"; };
		0B7705370FC2DC2E004A8D08 /* 18-envelope.png */ = {isa = PBXFileReference; lastKnownFileType = image.png; name = "18-envelope.png"; path = "resources/images/icons/18-envelope.png"; sourceTree = "<group>"; };
		0B7705380FC2DC2E004A8D08 /* 41-picture-frame.png */ = {isa = PBXFileReference; lastKnownFileType = image.png; name = "41-picture-frame.png"; path = "resources/images/icons/41-picture-frame.png"; sourceTree = "<group>"; };
		0B7705390FC2DC2E004A8D08 /* 42-photos.png */ = {isa = PBXFileReference; lastKnownFileType = image.png; name = "42-photos.png"; path = "resources/images/icons/42-photos.png"; sourceTree = "<group>"; };
		0B77053A0FC2DC2E004A8D08 /* 45-movie1.png */ = {isa = PBXFileReference; lastKnownFileType = image.png; name = "45-movie1.png"; path = "resources/images/icons/45-movie1.png"; sourceTree = "<group>"; };
		0B77053B0FC2DC2E004A8D08 /* 67-tshirt.png */ = {isa = PBXFileReference; lastKnownFileType = image.png; name = "67-tshirt.png"; path = "resources/images/icons/67-tshirt.png"; sourceTree = "<group>"; };
		0B77053C0FC2DC2E004A8D08 /* 68-display.png */ = {isa = PBXFileReference; lastKnownFileType = image.png; name = "68-display.png"; path = "resources/images/icons/68-display.png"; sourceTree = "<group>"; };
		0B77053D0FC2DC2E004A8D08 /* 70-tv.png */ = {isa = PBXFileReference; lastKnownFileType = image.png; name = "70-tv.png"; path = "resources/images/icons/70-tv.png"; sourceTree = "<group>"; };
		0B77053E0FC2DC2E004A8D08 /* 46-movie2.png */ = {isa = PBXFileReference; lastKnownFileType = image.png; name = "46-movie2.png"; path = "resources/images/icons/46-movie2.png"; sourceTree = "<group>"; };
		0B7705490FC2DCEF004A8D08 /* TeamListViewController.h */ = {isa = PBXFileReference; fileEncoding = 4; lastKnownFileType = sourcecode.c.h; name = TeamListViewController.h; path = src/controllers/TeamListViewController.h; sourceTree = "<group>"; };
		0B77054A0FC2DCEF004A8D08 /* TeamListViewController.m */ = {isa = PBXFileReference; fileEncoding = 4; lastKnownFileType = sourcecode.c.objc; name = TeamListViewController.m; path = src/controllers/TeamListViewController.m; sourceTree = "<group>"; };
		0B77056D0FC2DE3D004A8D08 /* 66-microphone.png */ = {isa = PBXFileReference; lastKnownFileType = image.png; name = "66-microphone.png"; path = "resources/images/icons/66-microphone.png"; sourceTree = "<group>"; };
		0B88D7E10F87EA41006A1B19 /* HeadlineView.xib */ = {isa = PBXFileReference; lastKnownFileType = file.xib; name = HeadlineView.xib; path = resources/localized/HeadlineView.xib; sourceTree = "<group>"; };
		0B88D8390F87EF2A006A1B19 /* QuartzCore.framework */ = {isa = PBXFileReference; lastKnownFileType = wrapper.framework; name = QuartzCore.framework; path = /System/Library/Frameworks/QuartzCore.framework; sourceTree = "<absolute>"; };
		0BF297BE0FC327C10058229B /* gonu.png */ = {isa = PBXFileReference; lastKnownFileType = image.png; name = gonu.png; path = resources/images/logos/gonu.png; sourceTree = "<group>"; };
		0BF297C20FC3296A0058229B /* northeastern-n.png */ = {isa = PBXFileReference; lastKnownFileType = image.png; name = "northeastern-n.png"; path = "resources/images/icons/northeastern-n.png"; sourceTree = "<group>"; };
		0BF297E70FC32FFF0058229B /* Olympic_pictogram_Athletics.png */ = {isa = PBXFileReference; lastKnownFileType = image.png; name = Olympic_pictogram_Athletics.png; path = resources/images/pictograms/Olympic_pictogram_Athletics.png; sourceTree = "<group>"; };
		0BF297E90FC330770058229B /* Olympic_pictogram_Ice_hockey.png */ = {isa = PBXFileReference; lastKnownFileType = image.png; name = Olympic_pictogram_Ice_hockey.png; path = resources/images/pictograms/Olympic_pictogram_Ice_hockey.png; sourceTree = "<group>"; };
		0BF297F10FC3322E0058229B /* VideoDataSource.h */ = {isa = PBXFileReference; fileEncoding = 4; lastKnownFileType = sourcecode.c.h; name = VideoDataSource.h; path = src/feeds/VideoDataSource.h; sourceTree = "<group>"; };
		0BF297F20FC3322E0058229B /* VideoDataSource.m */ = {isa = PBXFileReference; fileEncoding = 4; lastKnownFileType = sourcecode.c.objc; name = VideoDataSource.m; path = src/feeds/VideoDataSource.m; sourceTree = "<group>"; };
		0BF298040FC332CD0058229B /* VideoViewController.h */ = {isa = PBXFileReference; fileEncoding = 4; lastKnownFileType = sourcecode.c.h; name = VideoViewController.h; path = src/controllers/VideoViewController.h; sourceTree = "<group>"; };
		0BF298050FC332CD0058229B /* VideoViewController.m */ = {isa = PBXFileReference; fileEncoding = 4; lastKnownFileType = sourcecode.c.objc; name = VideoViewController.m; path = src/controllers/VideoViewController.m; sourceTree = "<group>"; };
		0BF298110FC333820058229B /* VideoView.xib */ = {isa = PBXFileReference; lastKnownFileType = file.xib; name = VideoView.xib; path = resources/localized/VideoView.xib; sourceTree = "<group>"; };
		0BFA6A370FB8B0B2007EBE4F /* FeedDataSource.h */ = {isa = PBXFileReference; fileEncoding = 4; lastKnownFileType = sourcecode.c.h; name = FeedDataSource.h; path = src/feeds/FeedDataSource.h; sourceTree = "<group>"; };
		0BFA6A380FB8B0B2007EBE4F /* FeedDataSource.m */ = {isa = PBXFileReference; fileEncoding = 4; lastKnownFileType = sourcecode.c.objc; name = FeedDataSource.m; path = src/feeds/FeedDataSource.m; sourceTree = "<group>"; };
		0BFA6A650FB8BE47007EBE4F /* HeadlineNewsController.h */ = {isa = PBXFileReference; fileEncoding = 4; lastKnownFileType = sourcecode.c.h; name = HeadlineNewsController.h; path = src/controllers/HeadlineNewsController.h; sourceTree = "<group>"; };
		0BFA6A660FB8BE47007EBE4F /* HeadlineNewsController.m */ = {isa = PBXFileReference; fileEncoding = 4; lastKnownFileType = sourcecode.c.objc; name = HeadlineNewsController.m; path = src/controllers/HeadlineNewsController.m; sourceTree = "<group>"; };
		0BFCE41F0FA6562A004D7C95 /* TouchXML.h */ = {isa = PBXFileReference; fileEncoding = 4; lastKnownFileType = sourcecode.c.h; name = TouchXML.h; path = frameworks/touchcode/TouchXML/Common/Source/TouchXML.h; sourceTree = "<group>"; };
		0BFCE4210FA6562A004D7C95 /* CTidy.h */ = {isa = PBXFileReference; fileEncoding = 4; lastKnownFileType = sourcecode.c.h; path = CTidy.h; sourceTree = "<group>"; };
		0BFCE4220FA6562A004D7C95 /* CTidy.m */ = {isa = PBXFileReference; fileEncoding = 4; lastKnownFileType = sourcecode.c.objc; path = CTidy.m; sourceTree = "<group>"; };
		0BFCE4230FA6562A004D7C95 /* CXMLNode.m */ = {isa = PBXFileReference; fileEncoding = 4; lastKnownFileType = sourcecode.c.objc; name = CXMLNode.m; path = frameworks/touchcode/TouchXML/Common/Source/CXMLNode.m; sourceTree = "<group>"; };
		0BFCE4240FA6562A004D7C95 /* CXMLNode.h */ = {isa = PBXFileReference; fileEncoding = 4; lastKnownFileType = sourcecode.c.h; name = CXMLNode.h; path = frameworks/touchcode/TouchXML/Common/Source/CXMLNode.h; sourceTree = "<group>"; };
		0BFCE4250FA6562A004D7C95 /* CXMLNode_XPathExtensions.m */ = {isa = PBXFileReference; fileEncoding = 4; lastKnownFileType = sourcecode.c.objc; name = CXMLNode_XPathExtensions.m; path = frameworks/touchcode/TouchXML/Common/Source/CXMLNode_XPathExtensions.m; sourceTree = "<group>"; };
		0BFCE4260FA6562A004D7C95 /* CXMLNode_XPathExtensions.h */ = {isa = PBXFileReference; fileEncoding = 4; lastKnownFileType = sourcecode.c.h; name = CXMLNode_XPathExtensions.h; path = frameworks/touchcode/TouchXML/Common/Source/CXMLNode_XPathExtensions.h; sourceTree = "<group>"; };
		0BFCE4270FA6562A004D7C95 /* CXMLNode_PrivateExtensions.m */ = {isa = PBXFileReference; fileEncoding = 4; lastKnownFileType = sourcecode.c.objc; name = CXMLNode_PrivateExtensions.m; path = frameworks/touchcode/TouchXML/Common/Source/CXMLNode_PrivateExtensions.m; sourceTree = "<group>"; };
		0BFCE4280FA6562A004D7C95 /* CXMLNode_PrivateExtensions.h */ = {isa = PBXFileReference; fileEncoding = 4; lastKnownFileType = sourcecode.c.h; name = CXMLNode_PrivateExtensions.h; path = frameworks/touchcode/TouchXML/Common/Source/CXMLNode_PrivateExtensions.h; sourceTree = "<group>"; };
		0BFCE4290FA6562A004D7C95 /* CXMLElement.m */ = {isa = PBXFileReference; fileEncoding = 4; lastKnownFileType = sourcecode.c.objc; name = CXMLElement.m; path = frameworks/touchcode/TouchXML/Common/Source/CXMLElement.m; sourceTree = "<group>"; };
		0BFCE42A0FA6562A004D7C95 /* CXMLElement.h */ = {isa = PBXFileReference; fileEncoding = 4; lastKnownFileType = sourcecode.c.h; name = CXMLElement.h; path = frameworks/touchcode/TouchXML/Common/Source/CXMLElement.h; sourceTree = "<group>"; };
		0BFCE42B0FA6562A004D7C95 /* CXMLElement_ElementTreeExtensions.m */ = {isa = PBXFileReference; fileEncoding = 4; lastKnownFileType = sourcecode.c.objc; name = CXMLElement_ElementTreeExtensions.m; path = frameworks/touchcode/TouchXML/Common/Source/CXMLElement_ElementTreeExtensions.m; sourceTree = "<group>"; };
		0BFCE42C0FA6562A004D7C95 /* CXMLElement_ElementTreeExtensions.h */ = {isa = PBXFileReference; fileEncoding = 4; lastKnownFileType = sourcecode.c.h; name = CXMLElement_ElementTreeExtensions.h; path = frameworks/touchcode/TouchXML/Common/Source/CXMLElement_ElementTreeExtensions.h; sourceTree = "<group>"; };
		0BFCE42D0FA6562A004D7C95 /* CXMLElement_CreationExtensions.m */ = {isa = PBXFileReference; fileEncoding = 4; lastKnownFileType = sourcecode.c.objc; name = CXMLElement_CreationExtensions.m; path = frameworks/touchcode/TouchXML/Common/Source/CXMLElement_CreationExtensions.m; sourceTree = "<group>"; };
		0BFCE42E0FA6562A004D7C95 /* CXMLElement_CreationExtensions.h */ = {isa = PBXFileReference; fileEncoding = 4; lastKnownFileType = sourcecode.c.h; name = CXMLElement_CreationExtensions.h; path = frameworks/touchcode/TouchXML/Common/Source/CXMLElement_CreationExtensions.h; sourceTree = "<group>"; };
		0BFCE42F0FA6562A004D7C95 /* CXMLDocument.m */ = {isa = PBXFileReference; fileEncoding = 4; lastKnownFileType = sourcecode.c.objc; name = CXMLDocument.m; path = frameworks/touchcode/TouchXML/Common/Source/CXMLDocument.m; sourceTree = "<group>"; };
		0BFCE4300FA6562A004D7C95 /* CXMLDocument.h */ = {isa = PBXFileReference; fileEncoding = 4; lastKnownFileType = sourcecode.c.h; name = CXMLDocument.h; path = frameworks/touchcode/TouchXML/Common/Source/CXMLDocument.h; sourceTree = "<group>"; };
		0BFCE4310FA6562A004D7C95 /* CXMLDocument_PrivateExtensions.m */ = {isa = PBXFileReference; fileEncoding = 4; lastKnownFileType = sourcecode.c.objc; name = CXMLDocument_PrivateExtensions.m; path = frameworks/touchcode/TouchXML/Common/Source/CXMLDocument_PrivateExtensions.m; sourceTree = "<group>"; };
		0BFCE4320FA6562A004D7C95 /* CXMLDocument_PrivateExtensions.h */ = {isa = PBXFileReference; fileEncoding = 4; lastKnownFileType = sourcecode.c.h; name = CXMLDocument_PrivateExtensions.h; path = frameworks/touchcode/TouchXML/Common/Source/CXMLDocument_PrivateExtensions.h; sourceTree = "<group>"; };
		0BFCE4340FA6562A004D7C95 /* CXMLDocument_CreationExtensions.h */ = {isa = PBXFileReference; fileEncoding = 4; lastKnownFileType = sourcecode.c.h; path = CXMLDocument_CreationExtensions.h; sourceTree = "<group>"; };
		0BFCE4350FA6562A004D7C95 /* CXMLDocument_CreationExtensions.m */ = {isa = PBXFileReference; fileEncoding = 4; lastKnownFileType = sourcecode.c.objc; path = CXMLDocument_CreationExtensions.m; sourceTree = "<group>"; };
		0BFCE4360FA6562A004D7C95 /* CXMLNode_CreationExtensions.h */ = {isa = PBXFileReference; fileEncoding = 4; lastKnownFileType = sourcecode.c.h; path = CXMLNode_CreationExtensions.h; sourceTree = "<group>"; };
		0BFCE4370FA6562A004D7C95 /* CXMLNode_CreationExtensions.m */ = {isa = PBXFileReference; fileEncoding = 4; lastKnownFileType = sourcecode.c.objc; path = CXMLNode_CreationExtensions.m; sourceTree = "<group>"; };
		0BFCE4450FA65644004D7C95 /* buffio.h */ = {isa = PBXFileReference; fileEncoding = 4; lastKnownFileType = sourcecode.c.h; path = buffio.h; sourceTree = "<group>"; };
		0BFCE4460FA65644004D7C95 /* platform.h */ = {isa = PBXFileReference; fileEncoding = 4; lastKnownFileType = sourcecode.c.h; path = platform.h; sourceTree = "<group>"; };
		0BFCE4470FA65644004D7C95 /* tidy.h */ = {isa = PBXFileReference; fileEncoding = 4; lastKnownFileType = sourcecode.c.h; path = tidy.h; sourceTree = "<group>"; };
		0BFCE4480FA65644004D7C95 /* tidyenum.h */ = {isa = PBXFileReference; fileEncoding = 4; lastKnownFileType = sourcecode.c.h; path = tidyenum.h; sourceTree = "<group>"; };
		0BFCE44A0FA65644004D7C95 /* access.c */ = {isa = PBXFileReference; fileEncoding = 4; lastKnownFileType = sourcecode.c.c; path = access.c; sourceTree = "<group>"; };
		0BFCE44B0FA65644004D7C95 /* access.h */ = {isa = PBXFileReference; fileEncoding = 4; lastKnownFileType = sourcecode.c.h; path = access.h; sourceTree = "<group>"; };
		0BFCE44C0FA65644004D7C95 /* alloc.c */ = {isa = PBXFileReference; fileEncoding = 4; lastKnownFileType = sourcecode.c.c; path = alloc.c; sourceTree = "<group>"; };
		0BFCE44D0FA65644004D7C95 /* attrask.c */ = {isa = PBXFileReference; fileEncoding = 4; lastKnownFileType = sourcecode.c.c; path = attrask.c; sourceTree = "<group>"; };
		0BFCE44E0FA65644004D7C95 /* attrdict.c */ = {isa = PBXFileReference; fileEncoding = 4; lastKnownFileType = sourcecode.c.c; path = attrdict.c; sourceTree = "<group>"; };
		0BFCE44F0FA65644004D7C95 /* attrdict.h */ = {isa = PBXFileReference; fileEncoding = 4; lastKnownFileType = sourcecode.c.h; path = attrdict.h; sourceTree = "<group>"; };
		0BFCE4500FA65644004D7C95 /* attrget.c */ = {isa = PBXFileReference; fileEncoding = 4; lastKnownFileType = sourcecode.c.c; path = attrget.c; sourceTree = "<group>"; };
		0BFCE4510FA65644004D7C95 /* attrs.c */ = {isa = PBXFileReference; fileEncoding = 4; lastKnownFileType = sourcecode.c.c; path = attrs.c; sourceTree = "<group>"; };
		0BFCE4520FA65644004D7C95 /* attrs.h */ = {isa = PBXFileReference; fileEncoding = 4; lastKnownFileType = sourcecode.c.h; path = attrs.h; sourceTree = "<group>"; };
		0BFCE4530FA65644004D7C95 /* buffio.c */ = {isa = PBXFileReference; fileEncoding = 4; lastKnownFileType = sourcecode.c.c; path = buffio.c; sourceTree = "<group>"; };
		0BFCE4540FA65644004D7C95 /* charsets.c */ = {isa = PBXFileReference; fileEncoding = 4; lastKnownFileType = sourcecode.c.c; path = charsets.c; sourceTree = "<group>"; };
		0BFCE4550FA65644004D7C95 /* charsets.h */ = {isa = PBXFileReference; fileEncoding = 4; lastKnownFileType = sourcecode.c.h; path = charsets.h; sourceTree = "<group>"; };
		0BFCE4560FA65644004D7C95 /* clean.c */ = {isa = PBXFileReference; fileEncoding = 4; lastKnownFileType = sourcecode.c.c; path = clean.c; sourceTree = "<group>"; };
		0BFCE4570FA65644004D7C95 /* clean.h */ = {isa = PBXFileReference; fileEncoding = 4; lastKnownFileType = sourcecode.c.h; path = clean.h; sourceTree = "<group>"; };
		0BFCE4580FA65644004D7C95 /* config.c */ = {isa = PBXFileReference; fileEncoding = 4; lastKnownFileType = sourcecode.c.c; path = config.c; sourceTree = "<group>"; };
		0BFCE4590FA65644004D7C95 /* config.h */ = {isa = PBXFileReference; fileEncoding = 4; lastKnownFileType = sourcecode.c.h; path = config.h; sourceTree = "<group>"; };
		0BFCE45A0FA65644004D7C95 /* entities.c */ = {isa = PBXFileReference; fileEncoding = 4; lastKnownFileType = sourcecode.c.c; path = entities.c; sourceTree = "<group>"; };
		0BFCE45B0FA65644004D7C95 /* entities.h */ = {isa = PBXFileReference; fileEncoding = 4; lastKnownFileType = sourcecode.c.h; path = entities.h; sourceTree = "<group>"; };
		0BFCE45C0FA65644004D7C95 /* fileio.c */ = {isa = PBXFileReference; fileEncoding = 4; lastKnownFileType = sourcecode.c.c; path = fileio.c; sourceTree = "<group>"; };
		0BFCE45D0FA65644004D7C95 /* fileio.h */ = {isa = PBXFileReference; fileEncoding = 4; lastKnownFileType = sourcecode.c.h; path = fileio.h; sourceTree = "<group>"; };
		0BFCE45E0FA65644004D7C95 /* forward.h */ = {isa = PBXFileReference; fileEncoding = 4; lastKnownFileType = sourcecode.c.h; path = forward.h; sourceTree = "<group>"; };
		0BFCE45F0FA65644004D7C95 /* iconvtc.c */ = {isa = PBXFileReference; fileEncoding = 4; lastKnownFileType = sourcecode.c.c; path = iconvtc.c; sourceTree = "<group>"; };
		0BFCE4600FA65644004D7C95 /* iconvtc.h */ = {isa = PBXFileReference; fileEncoding = 4; lastKnownFileType = sourcecode.c.h; path = iconvtc.h; sourceTree = "<group>"; };
		0BFCE4610FA65644004D7C95 /* istack.c */ = {isa = PBXFileReference; fileEncoding = 4; lastKnownFileType = sourcecode.c.c; path = istack.c; sourceTree = "<group>"; };
		0BFCE4620FA65644004D7C95 /* lexer.c */ = {isa = PBXFileReference; fileEncoding = 4; lastKnownFileType = sourcecode.c.c; path = lexer.c; sourceTree = "<group>"; };
		0BFCE4630FA65644004D7C95 /* lexer.h */ = {isa = PBXFileReference; fileEncoding = 4; lastKnownFileType = sourcecode.c.h; path = lexer.h; sourceTree = "<group>"; };
		0BFCE4640FA65644004D7C95 /* localize.c */ = {isa = PBXFileReference; fileEncoding = 4; lastKnownFileType = sourcecode.c.c; path = localize.c; sourceTree = "<group>"; };
		0BFCE4650FA65644004D7C95 /* mappedio.c */ = {isa = PBXFileReference; fileEncoding = 4; lastKnownFileType = sourcecode.c.c; path = mappedio.c; sourceTree = "<group>"; };
		0BFCE4660FA65644004D7C95 /* mappedio.h */ = {isa = PBXFileReference; fileEncoding = 4; lastKnownFileType = sourcecode.c.h; path = mappedio.h; sourceTree = "<group>"; };
		0BFCE4670FA65644004D7C95 /* message.h */ = {isa = PBXFileReference; fileEncoding = 4; lastKnownFileType = sourcecode.c.h; path = message.h; sourceTree = "<group>"; };
		0BFCE4680FA65644004D7C95 /* parser.c */ = {isa = PBXFileReference; fileEncoding = 4; lastKnownFileType = sourcecode.c.c; path = parser.c; sourceTree = "<group>"; };
		0BFCE4690FA65644004D7C95 /* parser.h */ = {isa = PBXFileReference; fileEncoding = 4; lastKnownFileType = sourcecode.c.h; path = parser.h; sourceTree = "<group>"; };
		0BFCE46A0FA65644004D7C95 /* pprint.c */ = {isa = PBXFileReference; fileEncoding = 4; lastKnownFileType = sourcecode.c.c; path = pprint.c; sourceTree = "<group>"; };
		0BFCE46B0FA65644004D7C95 /* pprint.h */ = {isa = PBXFileReference; fileEncoding = 4; lastKnownFileType = sourcecode.c.h; path = pprint.h; sourceTree = "<group>"; };
		0BFCE46C0FA65644004D7C95 /* streamio.c */ = {isa = PBXFileReference; fileEncoding = 4; lastKnownFileType = sourcecode.c.c; path = streamio.c; sourceTree = "<group>"; };
		0BFCE46D0FA65644004D7C95 /* streamio.h */ = {isa = PBXFileReference; fileEncoding = 4; lastKnownFileType = sourcecode.c.h; path = streamio.h; sourceTree = "<group>"; };
		0BFCE46E0FA65644004D7C95 /* tagask.c */ = {isa = PBXFileReference; fileEncoding = 4; lastKnownFileType = sourcecode.c.c; path = tagask.c; sourceTree = "<group>"; };
		0BFCE46F0FA65644004D7C95 /* tags.c */ = {isa = PBXFileReference; fileEncoding = 4; lastKnownFileType = sourcecode.c.c; path = tags.c; sourceTree = "<group>"; };
		0BFCE4700FA65644004D7C95 /* tags.h */ = {isa = PBXFileReference; fileEncoding = 4; lastKnownFileType = sourcecode.c.h; path = tags.h; sourceTree = "<group>"; };
		0BFCE4710FA65644004D7C95 /* tidy-int.h */ = {isa = PBXFileReference; fileEncoding = 4; lastKnownFileType = sourcecode.c.h; path = "tidy-int.h"; sourceTree = "<group>"; };
		0BFCE4720FA65644004D7C95 /* tidylib.c */ = {isa = PBXFileReference; fileEncoding = 4; lastKnownFileType = sourcecode.c.c; path = tidylib.c; sourceTree = "<group>"; };
		0BFCE4730FA65644004D7C95 /* tmbstr.c */ = {isa = PBXFileReference; fileEncoding = 4; lastKnownFileType = sourcecode.c.c; path = tmbstr.c; sourceTree = "<group>"; };
		0BFCE4740FA65644004D7C95 /* tmbstr.h */ = {isa = PBXFileReference; fileEncoding = 4; lastKnownFileType = sourcecode.c.h; path = tmbstr.h; sourceTree = "<group>"; };
		0BFCE4750FA65644004D7C95 /* utf8.c */ = {isa = PBXFileReference; fileEncoding = 4; lastKnownFileType = sourcecode.c.c; path = utf8.c; sourceTree = "<group>"; };
		0BFCE4760FA65644004D7C95 /* utf8.h */ = {isa = PBXFileReference; fileEncoding = 4; lastKnownFileType = sourcecode.c.h; path = utf8.h; sourceTree = "<group>"; };
		0BFCE4770FA65644004D7C95 /* version.h */ = {isa = PBXFileReference; fileEncoding = 4; lastKnownFileType = sourcecode.c.h; path = version.h; sourceTree = "<group>"; };
		0BFCE4780FA65644004D7C95 /* win32tc.c */ = {isa = PBXFileReference; fileEncoding = 4; lastKnownFileType = sourcecode.c.c; path = win32tc.c; sourceTree = "<group>"; };
		0BFCE4790FA65644004D7C95 /* win32tc.h */ = {isa = PBXFileReference; fileEncoding = 4; lastKnownFileType = sourcecode.c.h; path = win32tc.h; sourceTree = "<group>"; };
		0BFCE4940FA6565E004D7C95 /* Three20.xcodeproj */ = {isa = PBXFileReference; lastKnownFileType = "wrapper.pb-project"; name = Three20.xcodeproj; path = frameworks/three20/src/Three20.xcodeproj; sourceTree = "<group>"; };
		0BFCE4FD0FA65E58004D7C95 /* Three20.bundle */ = {isa = PBXFileReference; lastKnownFileType = "wrapper.plug-in"; name = Three20.bundle; path = frameworks/three20/src/Three20.bundle; sourceTree = "<group>"; };
		1D30AB110D05D00D00671497 /* Foundation.framework */ = {isa = PBXFileReference; lastKnownFileType = wrapper.framework; name = Foundation.framework; path = System/Library/Frameworks/Foundation.framework; sourceTree = SDKROOT; };
		1D3623240D0F684500981E51 /* MainController.h */ = {isa = PBXFileReference; fileEncoding = 4; lastKnownFileType = sourcecode.c.h; name = MainController.h; path = src/application/MainController.h; sourceTree = "<group>"; };
		1D3623250D0F684500981E51 /* MainController.m */ = {isa = PBXFileReference; fileEncoding = 4; lastKnownFileType = sourcecode.c.objc; name = MainController.m; path = src/application/MainController.m; sourceTree = "<group>"; };
		1D6058910D05DD3D006BFB54 /* Go Huskies.app */ = {isa = PBXFileReference; explicitFileType = wrapper.application; includeInIndex = 0; path = "Go Huskies.app"; sourceTree = BUILT_PRODUCTS_DIR; };
		1DF5F4DF0D08C38300B7A737 /* UIKit.framework */ = {isa = PBXFileReference; lastKnownFileType = wrapper.framework; name = UIKit.framework; path = System/Library/Frameworks/UIKit.framework; sourceTree = SDKROOT; };
		288765070DF74369002DB57D /* CoreGraphics.framework */ = {isa = PBXFileReference; lastKnownFileType = wrapper.framework; name = CoreGraphics.framework; path = System/Library/Frameworks/CoreGraphics.framework; sourceTree = SDKROOT; };
		28A0AB4B0D9B1048005BE974 /* gohuskies_Prefix.pch */ = {isa = PBXFileReference; fileEncoding = 4; lastKnownFileType = sourcecode.c.h; name = gohuskies_Prefix.pch; path = src/application/gohuskies_Prefix.pch; sourceTree = "<group>"; };
		28AD73870D9D96C1002E5188 /* MainWindow.xib */ = {isa = PBXFileReference; lastKnownFileType = file.xib; name = MainWindow.xib; path = resources/localized/MainWindow.xib; sourceTree = "<group>"; };
		29B97316FDCFA39411CA2CEA /* main.m */ = {isa = PBXFileReference; fileEncoding = 4; lastKnownFileType = sourcecode.c.objc; name = main.m; path = src/application/main.m; sourceTree = "<group>"; };
		8D1107310486CEB800E47090 /* gohuskies-Info.plist */ = {isa = PBXFileReference; fileEncoding = 4; lastKnownFileType = text.plist.xml; name = "gohuskies-Info.plist"; path = "src/application/gohuskies-Info.plist"; plistStructureDefinitionIdentifier = "com.apple.xcode.plist.structure-definition.iphone.info-plist"; sourceTree = "<group>"; };
/* End PBXFileReference section */

/* Begin PBXFrameworksBuildPhase section */
		1D60588F0D05DD3D006BFB54 /* Frameworks */ = {
			isa = PBXFrameworksBuildPhase;
			buildActionMask = 2147483647;
			files = (
				0BFCE4AF0FA656E7004D7C95 /* libThree20.a in Frameworks */,
				1D60589F0D05DD5A006BFB54 /* Foundation.framework in Frameworks */,
				1DF5F4E00D08C38300B7A737 /* UIKit.framework in Frameworks */,
				288765080DF74369002DB57D /* CoreGraphics.framework in Frameworks */,
				0B88D83A0F87EF2A006A1B19 /* QuartzCore.framework in Frameworks */,
			);
			runOnlyForDeploymentPostprocessing = 0;
		};
/* End PBXFrameworksBuildPhase section */

/* Begin PBXGroup section */
		0B2264710F7313A600DDDA04 /* Classes */ = {
			isa = PBXGroup;
			children = (
				0B2264720F7313AC00DDDA04 /* Application */,
				0B88D81A0F87EEA3006A1B19 /* Feeds */,
				0B6E77B20FBC7C3600C24972 /* Views */,
			);
			name = Classes;
			sourceTree = "<group>";
		};
		0B2264720F7313AC00DDDA04 /* Application */ = {
			isa = PBXGroup;
			children = (
				1D3623240D0F684500981E51 /* MainController.h */,
				1D3623250D0F684500981E51 /* MainController.m */,
				0B7705600FC2DD7E004A8D08 /* Root Views */,
			);
			name = Application;
			sourceTree = "<group>";
		};
		0B31B94F0F86880000275DD9 /* Pictograms */ = {
			isa = PBXGroup;
			children = (
				0BF297E70FC32FFF0058229B /* Olympic_pictogram_Athletics.png */,
				0BF297E90FC330770058229B /* Olympic_pictogram_Ice_hockey.png */,
				0B31B9530F86881700275DD9 /* Basketball_pictogram.png */,
				0B31B9540F86881700275DD9 /* Baseball_pictogram.png */,
				0B31B9550F86881700275DD9 /* Football_pictogram.png */,
				0B31B9560F86881700275DD9 /* Swimming_pictogram.png */,
				0B31B9570F86881700275DD9 /* Volleyball_(indoor)_pictogram.png */,
				0B31B9580F86881700275DD9 /* Rowing_pictogram.png */,
				0B31B9590F86881700275DD9 /* Cycling_(road)_pictogram.png */,
				0B31B95A0F86881700275DD9 /* Gymnastics_(artistic)_pictogram.png */,
				0B31B95B0F86881700275DD9 /* Futsal_pictogram.png */,
				0B31B95C0F86881700275DD9 /* Wrestling_pictogram.png */,
				0B31B95D0F86881700275DD9 /* Gymnastics_(trampoline)_pictogram.png */,
				0B31B95E0F86881700275DD9 /* Field_hockey_pictogram.png */,
			);
			name = Pictograms;
			sourceTree = "<group>";
		};
		0B31B9500F86880800275DD9 /* Logos */ = {
			isa = PBXGroup;
			children = (
				0BF297BE0FC327C10058229B /* gonu.png */,
				0B31B96B0F86888C00275DD9 /* logo.png */,
				0B31B96C0F86888C00275DD9 /* seal.png */,
			);
			name = Logos;
			sourceTree = "<group>";
		};
		0B6E77B20FBC7C3600C24972 /* Views */ = {
			isa = PBXGroup;
			children = (
				0B6E77AF0FBC7C2F00C24972 /* NUStyledImageField.h */,
				0B6E77AE0FBC7C2F00C24972 /* NUStyledImageField.m */,
			);
			name = Views;
			sourceTree = "<group>";
		};
		0B7705360FC2DC21004A8D08 /* Icons */ = {
			isa = PBXGroup;
			children = (
				0BF297C20FC3296A0058229B /* northeastern-n.png */,
				0B77056D0FC2DE3D004A8D08 /* 66-microphone.png */,
				0B7705370FC2DC2E004A8D08 /* 18-envelope.png */,
				0B7705380FC2DC2E004A8D08 /* 41-picture-frame.png */,
				0B7705390FC2DC2E004A8D08 /* 42-photos.png */,
				0B77053A0FC2DC2E004A8D08 /* 45-movie1.png */,
				0B77053B0FC2DC2E004A8D08 /* 67-tshirt.png */,
				0B77053C0FC2DC2E004A8D08 /* 68-display.png */,
				0B77053D0FC2DC2E004A8D08 /* 70-tv.png */,
				0B77053E0FC2DC2E004A8D08 /* 46-movie2.png */,
			);
			name = Icons;
			sourceTree = "<group>";
		};
		0B7705600FC2DD7E004A8D08 /* Root Views */ = {
			isa = PBXGroup;
			children = (
				0B7705490FC2DCEF004A8D08 /* TeamListViewController.h */,
				0B77054A0FC2DCEF004A8D08 /* TeamListViewController.m */,
				0BFA6A650FB8BE47007EBE4F /* HeadlineNewsController.h */,
				0BFA6A660FB8BE47007EBE4F /* HeadlineNewsController.m */,
				0BF298040FC332CD0058229B /* VideoViewController.h */,
				0BF298050FC332CD0058229B /* VideoViewController.m */,
			);
			name = "Root Views";
			sourceTree = "<group>";
		};
		0B88D81A0F87EEA3006A1B19 /* Feeds */ = {
			isa = PBXGroup;
			children = (
				0BFCE4150FA65546004D7C95 /* TouchXML */,
				0BFA6A370FB8B0B2007EBE4F /* FeedDataSource.h */,
				0BFA6A380FB8B0B2007EBE4F /* FeedDataSource.m */,
				0BF297F10FC3322E0058229B /* VideoDataSource.h */,
				0BF297F20FC3322E0058229B /* VideoDataSource.m */,
			);
			name = Feeds;
			sourceTree = "<group>";
		};
		0BFCE4150FA65546004D7C95 /* TouchXML */ = {
			isa = PBXGroup;
			children = (
				0BFCE4430FA6562F004D7C95 /* TidyXML */,
				0BFCE41F0FA6562A004D7C95 /* TouchXML.h */,
				0BFCE4200FA6562A004D7C95 /* Tidy */,
				0BFCE4230FA6562A004D7C95 /* CXMLNode.m */,
				0BFCE4240FA6562A004D7C95 /* CXMLNode.h */,
				0BFCE4250FA6562A004D7C95 /* CXMLNode_XPathExtensions.m */,
				0BFCE4260FA6562A004D7C95 /* CXMLNode_XPathExtensions.h */,
				0BFCE4270FA6562A004D7C95 /* CXMLNode_PrivateExtensions.m */,
				0BFCE4280FA6562A004D7C95 /* CXMLNode_PrivateExtensions.h */,
				0BFCE4290FA6562A004D7C95 /* CXMLElement.m */,
				0BFCE42A0FA6562A004D7C95 /* CXMLElement.h */,
				0BFCE42B0FA6562A004D7C95 /* CXMLElement_ElementTreeExtensions.m */,
				0BFCE42C0FA6562A004D7C95 /* CXMLElement_ElementTreeExtensions.h */,
				0BFCE42D0FA6562A004D7C95 /* CXMLElement_CreationExtensions.m */,
				0BFCE42E0FA6562A004D7C95 /* CXMLElement_CreationExtensions.h */,
				0BFCE42F0FA6562A004D7C95 /* CXMLDocument.m */,
				0BFCE4300FA6562A004D7C95 /* CXMLDocument.h */,
				0BFCE4310FA6562A004D7C95 /* CXMLDocument_PrivateExtensions.m */,
				0BFCE4320FA6562A004D7C95 /* CXMLDocument_PrivateExtensions.h */,
				0BFCE4330FA6562A004D7C95 /* Creation */,
			);
			name = TouchXML;
			sourceTree = "<group>";
		};
		0BFCE4200FA6562A004D7C95 /* Tidy */ = {
			isa = PBXGroup;
			children = (
				0BFCE4210FA6562A004D7C95 /* CTidy.h */,
				0BFCE4220FA6562A004D7C95 /* CTidy.m */,
			);
			name = Tidy;
			path = frameworks/touchcode/TouchXML/Common/Source/Tidy;
			sourceTree = "<group>";
		};
		0BFCE4330FA6562A004D7C95 /* Creation */ = {
			isa = PBXGroup;
			children = (
				0BFCE4340FA6562A004D7C95 /* CXMLDocument_CreationExtensions.h */,
				0BFCE4350FA6562A004D7C95 /* CXMLDocument_CreationExtensions.m */,
				0BFCE4360FA6562A004D7C95 /* CXMLNode_CreationExtensions.h */,
				0BFCE4370FA6562A004D7C95 /* CXMLNode_CreationExtensions.m */,
			);
			name = Creation;
			path = frameworks/touchcode/TouchXML/Common/Source/Creation;
			sourceTree = "<group>";
		};
		0BFCE4430FA6562F004D7C95 /* TidyXML */ = {
			isa = PBXGroup;
			children = (
				0BFCE4440FA65644004D7C95 /* include */,
				0BFCE4490FA65644004D7C95 /* src */,
			);
			name = TidyXML;
			sourceTree = "<group>";
		};
		0BFCE4440FA65644004D7C95 /* include */ = {
			isa = PBXGroup;
			children = (
				0BFCE4450FA65644004D7C95 /* buffio.h */,
				0BFCE4460FA65644004D7C95 /* platform.h */,
				0BFCE4470FA65644004D7C95 /* tidy.h */,
				0BFCE4480FA65644004D7C95 /* tidyenum.h */,
			);
			name = include;
			path = frameworks/touchcode/TouchXML/Externals/tidy/include;
			sourceTree = "<group>";
		};
		0BFCE4490FA65644004D7C95 /* src */ = {
			isa = PBXGroup;
			children = (
				0BFCE44A0FA65644004D7C95 /* access.c */,
				0BFCE44B0FA65644004D7C95 /* access.h */,
				0BFCE44C0FA65644004D7C95 /* alloc.c */,
				0BFCE44D0FA65644004D7C95 /* attrask.c */,
				0BFCE44E0FA65644004D7C95 /* attrdict.c */,
				0BFCE44F0FA65644004D7C95 /* attrdict.h */,
				0BFCE4500FA65644004D7C95 /* attrget.c */,
				0BFCE4510FA65644004D7C95 /* attrs.c */,
				0BFCE4520FA65644004D7C95 /* attrs.h */,
				0BFCE4530FA65644004D7C95 /* buffio.c */,
				0BFCE4540FA65644004D7C95 /* charsets.c */,
				0BFCE4550FA65644004D7C95 /* charsets.h */,
				0BFCE4560FA65644004D7C95 /* clean.c */,
				0BFCE4570FA65644004D7C95 /* clean.h */,
				0BFCE4580FA65644004D7C95 /* config.c */,
				0BFCE4590FA65644004D7C95 /* config.h */,
				0BFCE45A0FA65644004D7C95 /* entities.c */,
				0BFCE45B0FA65644004D7C95 /* entities.h */,
				0BFCE45C0FA65644004D7C95 /* fileio.c */,
				0BFCE45D0FA65644004D7C95 /* fileio.h */,
				0BFCE45E0FA65644004D7C95 /* forward.h */,
				0BFCE45F0FA65644004D7C95 /* iconvtc.c */,
				0BFCE4600FA65644004D7C95 /* iconvtc.h */,
				0BFCE4610FA65644004D7C95 /* istack.c */,
				0BFCE4620FA65644004D7C95 /* lexer.c */,
				0BFCE4630FA65644004D7C95 /* lexer.h */,
				0BFCE4640FA65644004D7C95 /* localize.c */,
				0BFCE4650FA65644004D7C95 /* mappedio.c */,
				0BFCE4660FA65644004D7C95 /* mappedio.h */,
				0BFCE4670FA65644004D7C95 /* message.h */,
				0BFCE4680FA65644004D7C95 /* parser.c */,
				0BFCE4690FA65644004D7C95 /* parser.h */,
				0BFCE46A0FA65644004D7C95 /* pprint.c */,
				0BFCE46B0FA65644004D7C95 /* pprint.h */,
				0BFCE46C0FA65644004D7C95 /* streamio.c */,
				0BFCE46D0FA65644004D7C95 /* streamio.h */,
				0BFCE46E0FA65644004D7C95 /* tagask.c */,
				0BFCE46F0FA65644004D7C95 /* tags.c */,
				0BFCE4700FA65644004D7C95 /* tags.h */,
				0BFCE4710FA65644004D7C95 /* tidy-int.h */,
				0BFCE4720FA65644004D7C95 /* tidylib.c */,
				0BFCE4730FA65644004D7C95 /* tmbstr.c */,
				0BFCE4740FA65644004D7C95 /* tmbstr.h */,
				0BFCE4750FA65644004D7C95 /* utf8.c */,
				0BFCE4760FA65644004D7C95 /* utf8.h */,
				0BFCE4770FA65644004D7C95 /* version.h */,
				0BFCE4780FA65644004D7C95 /* win32tc.c */,
				0BFCE4790FA65644004D7C95 /* win32tc.h */,
			);
			name = src;
			path = frameworks/touchcode/TouchXML/Externals/tidy/src;
			sourceTree = "<group>";
		};
		0BFCE4950FA6565E004D7C95 /* Products */ = {
			isa = PBXGroup;
			children = (
				0BFCE49C0FA6565E004D7C95 /* libThree20.a */,
			);
			name = Products;
			sourceTree = "<group>";
		};
		19C28FACFE9D520D11CA2CBB /* Products */ = {
			isa = PBXGroup;
			children = (
				1D6058910D05DD3D006BFB54 /* Go Huskies.app */,
			);
			name = Products;
			sourceTree = "<group>";
		};
		29B97314FDCFA39411CA2CEA /* gohuskies */ = {
			isa = PBXGroup;
			children = (
				0B2264710F7313A600DDDA04 /* Classes */,
				29B97315FDCFA39411CA2CEA /* Other Sources */,
				29B97317FDCFA39411CA2CEA /* Resources */,
				29B97323FDCFA39411CA2CEA /* Frameworks */,
				19C28FACFE9D520D11CA2CBB /* Products */,
			);
			name = gohuskies;
			sourceTree = "<group>";
		};
		29B97315FDCFA39411CA2CEA /* Other Sources */ = {
			isa = PBXGroup;
			children = (
				28A0AB4B0D9B1048005BE974 /* gohuskies_Prefix.pch */,
				29B97316FDCFA39411CA2CEA /* main.m */,
			);
			name = "Other Sources";
			sourceTree = "<group>";
		};
		29B97317FDCFA39411CA2CEA /* Resources */ = {
			isa = PBXGroup;
			children = (
				0B7705360FC2DC21004A8D08 /* Icons */,
				0B31B9500F86880800275DD9 /* Logos */,
				0B31B94F0F86880000275DD9 /* Pictograms */,
				28AD73870D9D96C1002E5188 /* MainWindow.xib */,
				0B2264ED0F734BEF00DDDA04 /* TeamListView.xib */,
				0B88D7E10F87EA41006A1B19 /* HeadlineView.xib */,
				0BF298110FC333820058229B /* VideoView.xib */,
				8D1107310486CEB800E47090 /* gohuskies-Info.plist */,
			);
			name = Resources;
			sourceTree = "<group>";
		};
		29B97323FDCFA39411CA2CEA /* Frameworks */ = {
			isa = PBXGroup;
			children = (
				0BFCE4FD0FA65E58004D7C95 /* Three20.bundle */,
				0BFCE4940FA6565E004D7C95 /* Three20.xcodeproj */,
				1DF5F4DF0D08C38300B7A737 /* UIKit.framework */,
				1D30AB110D05D00D00671497 /* Foundation.framework */,
				288765070DF74369002DB57D /* CoreGraphics.framework */,
				0B88D8390F87EF2A006A1B19 /* QuartzCore.framework */,
			);
			name = Frameworks;
			sourceTree = "<group>";
		};
/* End PBXGroup section */

/* Begin PBXNativeTarget section */
		1D6058900D05DD3D006BFB54 /* gohuskies */ = {
			isa = PBXNativeTarget;
			buildConfigurationList = 1D6058960D05DD3E006BFB54 /* Build configuration list for PBXNativeTarget "gohuskies" */;
			buildPhases = (
				1D60588D0D05DD3D006BFB54 /* Resources */,
				1D60588E0D05DD3D006BFB54 /* Sources */,
				1D60588F0D05DD3D006BFB54 /* Frameworks */,
				0BFCE4F60FA65D31004D7C95 /* Frameworks */,
			);
			buildRules = (
			);
			dependencies = (
				0BFCE4C00FA65724004D7C95 /* PBXTargetDependency */,
			);
			name = gohuskies;
			productName = gohuskies;
			productReference = 1D6058910D05DD3D006BFB54 /* Go Huskies.app */;
			productType = "com.apple.product-type.application";
		};
/* End PBXNativeTarget section */

/* Begin PBXProject section */
		29B97313FDCFA39411CA2CEA /* Project object */ = {
			isa = PBXProject;
			buildConfigurationList = C01FCF4E08A954540054247B /* Build configuration list for PBXProject "gohuskies" */;
			compatibilityVersion = "Xcode 3.1";
			hasScannedForEncodings = 1;
			mainGroup = 29B97314FDCFA39411CA2CEA /* gohuskies */;
			projectDirPath = "";
			projectReferences = (
				{
					ProductGroup = 0BFCE4950FA6565E004D7C95 /* Products */;
					ProjectRef = 0BFCE4940FA6565E004D7C95 /* Three20.xcodeproj */;
				},
			);
			projectRoot = "";
			targets = (
				1D6058900D05DD3D006BFB54 /* gohuskies */,
			);
		};
/* End PBXProject section */

/* Begin PBXReferenceProxy section */
		0BFCE49C0FA6565E004D7C95 /* libThree20.a */ = {
			isa = PBXReferenceProxy;
			fileType = archive.ar;
			path = libThree20.a;
			remoteRef = 0BFCE49B0FA6565E004D7C95 /* PBXContainerItemProxy */;
			sourceTree = BUILT_PRODUCTS_DIR;
		};
/* End PBXReferenceProxy section */

/* Begin PBXResourcesBuildPhase section */
		1D60588D0D05DD3D006BFB54 /* Resources */ = {
			isa = PBXResourcesBuildPhase;
			buildActionMask = 2147483647;
			files = (
				28AD73880D9D96C1002E5188 /* MainWindow.xib in Resources */,
				0B2264EE0F734BEF00DDDA04 /* TeamListView.xib in Resources */,
				0B31B95F0F86881700275DD9 /* Basketball_pictogram.png in Resources */,
				0B31B9600F86881700275DD9 /* Baseball_pictogram.png in Resources */,
				0B31B9610F86881700275DD9 /* Football_pictogram.png in Resources */,
				0B31B9620F86881700275DD9 /* Swimming_pictogram.png in Resources */,
				0B31B9630F86881700275DD9 /* Volleyball_(indoor)_pictogram.png in Resources */,
				0B31B9640F86881700275DD9 /* Rowing_pictogram.png in Resources */,
				0B31B9650F86881700275DD9 /* Cycling_(road)_pictogram.png in Resources */,
				0B31B9660F86881700275DD9 /* Gymnastics_(artistic)_pictogram.png in Resources */,
				0B31B9670F86881700275DD9 /* Futsal_pictogram.png in Resources */,
				0B31B9680F86881700275DD9 /* Wrestling_pictogram.png in Resources */,
				0B31B9690F86881700275DD9 /* Gymnastics_(trampoline)_pictogram.png in Resources */,
				0B31B96A0F86881700275DD9 /* Field_hockey_pictogram.png in Resources */,
				0B31B96D0F86888C00275DD9 /* logo.png in Resources */,
				0B31B96E0F86888C00275DD9 /* seal.png in Resources */,
				0B88D7E20F87EA41006A1B19 /* HeadlineView.xib in Resources */,
				0B77053F0FC2DC2E004A8D08 /* 18-envelope.png in Resources */,
				0B7705400FC2DC2E004A8D08 /* 41-picture-frame.png in Resources */,
				0B7705410FC2DC2E004A8D08 /* 42-photos.png in Resources */,
				0B7705420FC2DC2E004A8D08 /* 45-movie1.png in Resources */,
				0B7705430FC2DC2E004A8D08 /* 67-tshirt.png in Resources */,
				0B7705440FC2DC2E004A8D08 /* 68-display.png in Resources */,
				0B7705450FC2DC2E004A8D08 /* 70-tv.png in Resources */,
				0B7705460FC2DC2E004A8D08 /* 46-movie2.png in Resources */,
				0B77056E0FC2DE3D004A8D08 /* 66-microphone.png in Resources */,
				0BF297BF0FC327C10058229B /* gonu.png in Resources */,
				0BF297C30FC3296A0058229B /* northeastern-n.png in Resources */,
				0BF297E80FC32FFF0058229B /* Olympic_pictogram_Athletics.png in Resources */,
				0BF297EA0FC330770058229B /* Olympic_pictogram_Ice_hockey.png in Resources */,
				0BF298120FC333820058229B /* VideoView.xib in Resources */,
			);
			runOnlyForDeploymentPostprocessing = 0;
		};
/* End PBXResourcesBuildPhase section */

/* Begin PBXSourcesBuildPhase section */
		1D60588E0D05DD3D006BFB54 /* Sources */ = {
			isa = PBXSourcesBuildPhase;
			buildActionMask = 2147483647;
			files = (
				1D60589B0D05DD56006BFB54 /* main.m in Sources */,
				1D3623260D0F684500981E51 /* MainController.m in Sources */,
				0BFCE4380FA6562A004D7C95 /* CTidy.m in Sources */,
				0BFCE4390FA6562A004D7C95 /* CXMLNode.m in Sources */,
				0BFCE43A0FA6562A004D7C95 /* CXMLNode_XPathExtensions.m in Sources */,
				0BFCE43B0FA6562A004D7C95 /* CXMLNode_PrivateExtensions.m in Sources */,
				0BFCE43C0FA6562A004D7C95 /* CXMLElement.m in Sources */,
				0BFCE43D0FA6562A004D7C95 /* CXMLElement_ElementTreeExtensions.m in Sources */,
				0BFCE43E0FA6562A004D7C95 /* CXMLElement_CreationExtensions.m in Sources */,
				0BFCE43F0FA6562A004D7C95 /* CXMLDocument.m in Sources */,
				0BFCE4400FA6562A004D7C95 /* CXMLDocument_PrivateExtensions.m in Sources */,
				0BFCE4410FA6562A004D7C95 /* CXMLDocument_CreationExtensions.m in Sources */,
				0BFCE4420FA6562A004D7C95 /* CXMLNode_CreationExtensions.m in Sources */,
				0BFCE47A0FA65644004D7C95 /* access.c in Sources */,
				0BFCE47B0FA65644004D7C95 /* alloc.c in Sources */,
				0BFCE47C0FA65644004D7C95 /* attrask.c in Sources */,
				0BFCE47D0FA65644004D7C95 /* attrdict.c in Sources */,
				0BFCE47E0FA65644004D7C95 /* attrget.c in Sources */,
				0BFCE47F0FA65644004D7C95 /* attrs.c in Sources */,
				0BFCE4800FA65644004D7C95 /* buffio.c in Sources */,
				0BFCE4810FA65644004D7C95 /* charsets.c in Sources */,
				0BFCE4820FA65644004D7C95 /* clean.c in Sources */,
				0BFCE4830FA65644004D7C95 /* config.c in Sources */,
				0BFCE4840FA65644004D7C95 /* entities.c in Sources */,
				0BFCE4850FA65644004D7C95 /* fileio.c in Sources */,
				0BFCE4860FA65644004D7C95 /* iconvtc.c in Sources */,
				0BFCE4870FA65644004D7C95 /* istack.c in Sources */,
				0BFCE4880FA65644004D7C95 /* lexer.c in Sources */,
				0BFCE4890FA65644004D7C95 /* localize.c in Sources */,
				0BFCE48A0FA65644004D7C95 /* mappedio.c in Sources */,
				0BFCE48B0FA65644004D7C95 /* parser.c in Sources */,
				0BFCE48C0FA65644004D7C95 /* pprint.c in Sources */,
				0BFCE48D0FA65644004D7C95 /* streamio.c in Sources */,
				0BFCE48E0FA65644004D7C95 /* tagask.c in Sources */,
				0BFCE48F0FA65644004D7C95 /* tags.c in Sources */,
				0BFCE4900FA65644004D7C95 /* tidylib.c in Sources */,
				0BFCE4910FA65644004D7C95 /* tmbstr.c in Sources */,
				0BFCE4920FA65644004D7C95 /* utf8.c in Sources */,
				0BFCE4930FA65644004D7C95 /* win32tc.c in Sources */,
				0BFA6A390FB8B0B2007EBE4F /* FeedDataSource.m in Sources */,
				0BFA6A670FB8BE47007EBE4F /* HeadlineNewsController.m in Sources */,
				0B6E77B00FBC7C2F00C24972 /* NUStyledImageField.m in Sources */,
				0B77054B0FC2DCEF004A8D08 /* TeamListViewController.m in Sources */,
				0BF297F30FC3322E0058229B /* VideoDataSource.m in Sources */,
				0BF298060FC332CD0058229B /* VideoViewController.m in Sources */,
			);
			runOnlyForDeploymentPostprocessing = 0;
		};
/* End PBXSourcesBuildPhase section */

/* Begin PBXTargetDependency section */
		0BFCE4C00FA65724004D7C95 /* PBXTargetDependency */ = {
			isa = PBXTargetDependency;
			name = Three20;
			targetProxy = 0BFCE4BF0FA65724004D7C95 /* PBXContainerItemProxy */;
		};
/* End PBXTargetDependency section */

/* Begin XCBuildConfiguration section */
		1D6058940D05DD3E006BFB54 /* Debug */ = {
			isa = XCBuildConfiguration;
			buildSettings = {
				ALWAYS_SEARCH_USER_PATHS = NO;
				COPY_PHASE_STRIP = NO;
				GCC_DYNAMIC_NO_PIC = NO;
				GCC_OPTIMIZATION_LEVEL = 0;
				GCC_PRECOMPILE_PREFIX_HEADER = YES;
				GCC_PREFIX_HEADER = src/application/gohuskies_Prefix.pch;
				INFOPLIST_FILE = "src/application/gohuskies-Info.plist";
				PRODUCT_NAME = "Go Huskies";
			};
			name = Debug;
		};
		1D6058950D05DD3E006BFB54 /* Release */ = {
			isa = XCBuildConfiguration;
			buildSettings = {
				ALWAYS_SEARCH_USER_PATHS = NO;
				COPY_PHASE_STRIP = YES;
				GCC_PRECOMPILE_PREFIX_HEADER = YES;
				GCC_PREFIX_HEADER = src/application/gohuskies_Prefix.pch;
				INFOPLIST_FILE = "src/application/gohuskies-Info.plist";
				PRODUCT_NAME = "Go Huskies";
			};
			name = Release;
		};
		C01FCF4F08A954540054247B /* Debug */ = {
			isa = XCBuildConfiguration;
			buildSettings = {
				ARCHS = "$(ARCHS_STANDARD_32_BIT)";
				CODE_SIGN_IDENTITY = "iPhone Developer: Jeff Dlouhy";
				"CODE_SIGN_IDENTITY[sdk=iphoneos*]" = "iPhone Developer: Jeff Dlouhy";
				GCC_C_LANGUAGE_STANDARD = c99;
				GCC_WARN_ABOUT_RETURN_TYPE = YES;
				GCC_WARN_UNUSED_VARIABLE = YES;
				HEADER_SEARCH_PATHS = (
					frameworks/three20/src,
					/usr/include/libxml2,
				);
				INFOPLIST_FILE = "";
				ONLY_ACTIVE_ARCH = YES;
				OTHER_LDFLAGS = (
					"-ObjC",
					"-lxml2",
				);
				PREBINDING = NO;
				PROVISIONING_PROFILE = "710F01C9-3215-4FC6-8113-B0ABA325751A";
				"PROVISIONING_PROFILE[sdk=iphoneos*]" = "710F01C9-3215-4FC6-8113-B0ABA325751A";
				SDKROOT = iphoneos2.2.1;
			};
			name = Debug;
		};
		C01FCF5008A954540054247B /* Release */ = {
			isa = XCBuildConfiguration;
			buildSettings = {
				ARCHS = "$(ARCHS_STANDARD_32_BIT)";
				"CODE_SIGN_IDENTITY[sdk=iphoneos*]" = "iPhone Developer";
				GCC_C_LANGUAGE_STANDARD = c99;
				GCC_WARN_ABOUT_RETURN_TYPE = YES;
				GCC_WARN_UNUSED_VARIABLE = YES;
				HEADER_SEARCH_PATHS = (
					frameworks/three20/src,
					/usr/include/libxml2,
				);
				INFOPLIST_FILE = "";
				OTHER_LDFLAGS = (
					"-ObjC",
					"-lxml2",
				);
				PREBINDING = NO;
				SDKROOT = iphoneos2.2.1;
			};
			name = Release;
		};
/* End XCBuildConfiguration section */

/* Begin XCConfigurationList section */
		1D6058960D05DD3E006BFB54 /* Build configuration list for PBXNativeTarget "gohuskies" */ = {
			isa = XCConfigurationList;
			buildConfigurations = (
				1D6058940D05DD3E006BFB54 /* Debug */,
				1D6058950D05DD3E006BFB54 /* Release */,
			);
			defaultConfigurationIsVisible = 0;
			defaultConfigurationName = Release;
		};
		C01FCF4E08A954540054247B /* Build configuration list for PBXProject "gohuskies" */ = {
			isa = XCConfigurationList;
			buildConfigurations = (
				C01FCF4F08A954540054247B /* Debug */,
				C01FCF5008A954540054247B /* Release */,
			);
			defaultConfigurationIsVisible = 0;
			defaultConfigurationName = Release;
		};
/* End XCConfigurationList section */
	};
	rootObject = 29B97313FDCFA39411CA2CEA /* Project object */;
}
