// !$*UTF8*$!
{
	archiveVersion = 1;
	classes = {
	};
	objectVersion = 45;
	objects = {

/* Begin PBXBuildFile section */
		0B0C873F1021E974007E2580 /* details.css in Resources */ = {isa = PBXBuildFile; fileRef = 0B0C873D1021E974007E2580 /* details.css */; };
		0B0C87401021E974007E2580 /* NewsDetail.html in Resources */ = {isa = PBXBuildFile; fileRef = 0B0C873E1021E974007E2580 /* NewsDetail.html */; };
		0B3F065B1004CAF2005C1183 /* FeedParser.m in Sources */ = {isa = PBXBuildFile; fileRef = 0B3F06591004CAF2005C1183 /* FeedParser.m */; };
		0B59B519101F32E100AC29EF /* libxml2.dylib in Frameworks */ = {isa = PBXBuildFile; fileRef = 0B59B518101F32E100AC29EF /* libxml2.dylib */; };
		0B59B527101F331800AC29EF /* XPathQuery.m in Sources */ = {isa = PBXBuildFile; fileRef = 0B59B526101F331800AC29EF /* XPathQuery.m */; };
		0BBA2922100648C600256445 /* MediaPlayer.framework in Frameworks */ = {isa = PBXBuildFile; fileRef = 0BBA2921100648C600256445 /* MediaPlayer.framework */; };
		0BC4FB7B1005B5D9003F6C1A /* NewsItemDetailView.xib in Resources */ = {isa = PBXBuildFile; fileRef = 0BC4FB7A1005B5D9003F6C1A /* NewsItemDetailView.xib */; };
		0BC4FB841005B699003F6C1A /* NewsDetailViewController.m in Sources */ = {isa = PBXBuildFile; fileRef = 0BC4FB831005B699003F6C1A /* NewsDetailViewController.m */; };
		0BC4FCD11005CEBB003F6C1A /* VideoParser.m in Sources */ = {isa = PBXBuildFile; fileRef = 0BC4FCCF1005CEBB003F6C1A /* VideoParser.m */; };
		0BC4FCE61005CF9B003F6C1A /* VideoViewController.m in Sources */ = {isa = PBXBuildFile; fileRef = 0BC4FCE51005CF9B003F6C1A /* VideoViewController.m */; };
		0BCFE15E0FFD347800FA3BF1 /* Wrestling_pictogram.png in Resources */ = {isa = PBXBuildFile; fileRef = 0BCFE1500FFD347800FA3BF1 /* Wrestling_pictogram.png */; };
		0BCFE15F0FFD347800FA3BF1 /* Volleyball_(indoor)_pictogram.png in Resources */ = {isa = PBXBuildFile; fileRef = 0BCFE1510FFD347800FA3BF1 /* Volleyball_(indoor)_pictogram.png */; };
		0BCFE1600FFD347800FA3BF1 /* Swimming_pictogram.png in Resources */ = {isa = PBXBuildFile; fileRef = 0BCFE1520FFD347800FA3BF1 /* Swimming_pictogram.png */; };
		0BCFE1610FFD347800FA3BF1 /* Rowing_pictogram.png in Resources */ = {isa = PBXBuildFile; fileRef = 0BCFE1530FFD347800FA3BF1 /* Rowing_pictogram.png */; };
		0BCFE1620FFD347800FA3BF1 /* Olympic_pictogram_Ice_hockey.png in Resources */ = {isa = PBXBuildFile; fileRef = 0BCFE1540FFD347800FA3BF1 /* Olympic_pictogram_Ice_hockey.png */; };
		0BCFE1630FFD347800FA3BF1 /* Olympic_pictogram_Athletics.png in Resources */ = {isa = PBXBuildFile; fileRef = 0BCFE1550FFD347800FA3BF1 /* Olympic_pictogram_Athletics.png */; };
		0BCFE1640FFD347800FA3BF1 /* Gymnastics_(trampoline)_pictogram.png in Resources */ = {isa = PBXBuildFile; fileRef = 0BCFE1560FFD347800FA3BF1 /* Gymnastics_(trampoline)_pictogram.png */; };
		0BCFE1650FFD347800FA3BF1 /* Gymnastics_(artistic)_pictogram.png in Resources */ = {isa = PBXBuildFile; fileRef = 0BCFE1570FFD347800FA3BF1 /* Gymnastics_(artistic)_pictogram.png */; };
		0BCFE1660FFD347800FA3BF1 /* Futsal_pictogram.png in Resources */ = {isa = PBXBuildFile; fileRef = 0BCFE1580FFD347800FA3BF1 /* Futsal_pictogram.png */; };
		0BCFE1670FFD347800FA3BF1 /* Football_pictogram.png in Resources */ = {isa = PBXBuildFile; fileRef = 0BCFE1590FFD347800FA3BF1 /* Football_pictogram.png */; };
		0BCFE1680FFD347800FA3BF1 /* Field_hockey_pictogram.png in Resources */ = {isa = PBXBuildFile; fileRef = 0BCFE15A0FFD347800FA3BF1 /* Field_hockey_pictogram.png */; };
		0BCFE1690FFD347800FA3BF1 /* Cycling_(road)_pictogram.png in Resources */ = {isa = PBXBuildFile; fileRef = 0BCFE15B0FFD347800FA3BF1 /* Cycling_(road)_pictogram.png */; };
		0BCFE16A0FFD347800FA3BF1 /* Basketball_pictogram.png in Resources */ = {isa = PBXBuildFile; fileRef = 0BCFE15C0FFD347800FA3BF1 /* Basketball_pictogram.png */; };
		0BCFE16B0FFD347800FA3BF1 /* Baseball_pictogram.png in Resources */ = {isa = PBXBuildFile; fileRef = 0BCFE15D0FFD347800FA3BF1 /* Baseball_pictogram.png */; };
		0BCFE16F0FFD348100FA3BF1 /* seal.png in Resources */ = {isa = PBXBuildFile; fileRef = 0BCFE16C0FFD348100FA3BF1 /* seal.png */; };
		0BCFE1700FFD348100FA3BF1 /* logo.png in Resources */ = {isa = PBXBuildFile; fileRef = 0BCFE16D0FFD348100FA3BF1 /* logo.png */; };
		0BCFE1710FFD348100FA3BF1 /* gonu.png in Resources */ = {isa = PBXBuildFile; fileRef = 0BCFE16E0FFD348100FA3BF1 /* gonu.png */; };
		0BCFE17C0FFD348A00FA3BF1 /* northeastern-n.png in Resources */ = {isa = PBXBuildFile; fileRef = 0BCFE1720FFD348A00FA3BF1 /* northeastern-n.png */; };
		0BCFE17D0FFD348A00FA3BF1 /* 70-tv.png in Resources */ = {isa = PBXBuildFile; fileRef = 0BCFE1730FFD348A00FA3BF1 /* 70-tv.png */; };
		0BCFE17E0FFD348A00FA3BF1 /* 68-display.png in Resources */ = {isa = PBXBuildFile; fileRef = 0BCFE1740FFD348A00FA3BF1 /* 68-display.png */; };
		0BCFE17F0FFD348A00FA3BF1 /* 67-tshirt.png in Resources */ = {isa = PBXBuildFile; fileRef = 0BCFE1750FFD348A00FA3BF1 /* 67-tshirt.png */; };
		0BCFE1800FFD348A00FA3BF1 /* 66-microphone.png in Resources */ = {isa = PBXBuildFile; fileRef = 0BCFE1760FFD348A00FA3BF1 /* 66-microphone.png */; };
		0BCFE1810FFD348A00FA3BF1 /* 46-movie2.png in Resources */ = {isa = PBXBuildFile; fileRef = 0BCFE1770FFD348A00FA3BF1 /* 46-movie2.png */; };
		0BCFE1820FFD348A00FA3BF1 /* 45-movie1.png in Resources */ = {isa = PBXBuildFile; fileRef = 0BCFE1780FFD348A00FA3BF1 /* 45-movie1.png */; };
		0BCFE1830FFD348A00FA3BF1 /* 42-photos.png in Resources */ = {isa = PBXBuildFile; fileRef = 0BCFE1790FFD348A00FA3BF1 /* 42-photos.png */; };
		0BCFE1840FFD348A00FA3BF1 /* 41-picture-frame.png in Resources */ = {isa = PBXBuildFile; fileRef = 0BCFE17A0FFD348A00FA3BF1 /* 41-picture-frame.png */; };
		0BCFE1850FFD348A00FA3BF1 /* 18-envelope.png in Resources */ = {isa = PBXBuildFile; fileRef = 0BCFE17B0FFD348A00FA3BF1 /* 18-envelope.png */; };
		0BD6535F0FFD32C0005286BD /* FeedItem.xcdatamodel in Sources */ = {isa = PBXBuildFile; fileRef = 0BD6535E0FFD32C0005286BD /* FeedItem.xcdatamodel */; };
		1D3623260D0F684500981E51 /* MainController.m in Sources */ = {isa = PBXBuildFile; fileRef = 1D3623250D0F684500981E51 /* MainController.m */; };
		1D60589B0D05DD56006BFB54 /* main.m in Sources */ = {isa = PBXBuildFile; fileRef = 29B97316FDCFA39411CA2CEA /* main.m */; };
		1D60589F0D05DD5A006BFB54 /* Foundation.framework in Frameworks */ = {isa = PBXBuildFile; fileRef = 1D30AB110D05D00D00671497 /* Foundation.framework */; };
		1DF5F4E00D08C38300B7A737 /* UIKit.framework in Frameworks */ = {isa = PBXBuildFile; fileRef = 1DF5F4DF0D08C38300B7A737 /* UIKit.framework */; };
		28860BE50F44EE6400985440 /* CoreData.framework in Frameworks */ = {isa = PBXBuildFile; fileRef = 28860BE40F44EE6400985440 /* CoreData.framework */; };
		2892E4100DC94CBA00A64D0F /* CoreGraphics.framework in Frameworks */ = {isa = PBXBuildFile; fileRef = 2892E40F0DC94CBA00A64D0F /* CoreGraphics.framework */; };
		28AD73600D9D9599002E5188 /* MainWindow.xib in Resources */ = {isa = PBXBuildFile; fileRef = 28AD735F0D9D9599002E5188 /* MainWindow.xib */; };
		28C286E10D94DF7D0034E888 /* HeadlineViewController.m in Sources */ = {isa = PBXBuildFile; fileRef = 28C286E00D94DF7D0034E888 /* HeadlineViewController.m */; };
/* End PBXBuildFile section */

/* Begin PBXFileReference section */
		0B0C873D1021E974007E2580 /* details.css */ = {isa = PBXFileReference; fileEncoding = 4; lastKnownFileType = text.css; name = details.css; path = html/details.css; sourceTree = "<group>"; };
		0B0C873E1021E974007E2580 /* NewsDetail.html */ = {isa = PBXFileReference; fileEncoding = 4; lastKnownFileType = text.html; name = NewsDetail.html; path = html/NewsDetail.html; sourceTree = "<group>"; };
		0B3E1932100B573B009F505C /* Constants.h */ = {isa = PBXFileReference; fileEncoding = 4; lastKnownFileType = sourcecode.c.h; name = Constants.h; path = application/Constants.h; sourceTree = "<group>"; };
		0B3F06581004CAF2005C1183 /* FeedParser.h */ = {isa = PBXFileReference; fileEncoding = 4; lastKnownFileType = sourcecode.c.h; name = FeedParser.h; path = controllers/FeedParser.h; sourceTree = "<group>"; };
		0B3F06591004CAF2005C1183 /* FeedParser.m */ = {isa = PBXFileReference; fileEncoding = 4; lastKnownFileType = sourcecode.c.objc; name = FeedParser.m; path = controllers/FeedParser.m; sourceTree = "<group>"; };
		0B59B518101F32E100AC29EF /* libxml2.dylib */ = {isa = PBXFileReference; lastKnownFileType = "compiled.mach-o.dylib"; name = libxml2.dylib; path = usr/lib/libxml2.dylib; sourceTree = SDKROOT; };
		0B59B525101F331800AC29EF /* XPathQuery.h */ = {isa = PBXFileReference; fileEncoding = 4; lastKnownFileType = sourcecode.c.h; name = XPathQuery.h; path = utils/XPathQuery.h; sourceTree = "<group>"; };
		0B59B526101F331800AC29EF /* XPathQuery.m */ = {isa = PBXFileReference; fileEncoding = 4; lastKnownFileType = sourcecode.c.objc; name = XPathQuery.m; path = utils/XPathQuery.m; sourceTree = "<group>"; };
		0BBA2921100648C600256445 /* MediaPlayer.framework */ = {isa = PBXFileReference; lastKnownFileType = wrapper.framework; name = MediaPlayer.framework; path = System/Library/Frameworks/MediaPlayer.framework; sourceTree = SDKROOT; };
		0BC4FB7A1005B5D9003F6C1A /* NewsItemDetailView.xib */ = {isa = PBXFileReference; lastKnownFileType = file.xib; name = NewsItemDetailView.xib; path = resources/localized/NewsItemDetailView.xib; sourceTree = "<group>"; };
		0BC4FB821005B699003F6C1A /* NewsDetailViewController.h */ = {isa = PBXFileReference; fileEncoding = 4; lastKnownFileType = sourcecode.c.h; name = NewsDetailViewController.h; path = views/NewsDetailViewController.h; sourceTree = "<group>"; };
		0BC4FB831005B699003F6C1A /* NewsDetailViewController.m */ = {isa = PBXFileReference; fileEncoding = 4; lastKnownFileType = sourcecode.c.objc; name = NewsDetailViewController.m; path = views/NewsDetailViewController.m; sourceTree = "<group>"; };
		0BC4FCCF1005CEBB003F6C1A /* VideoParser.m */ = {isa = PBXFileReference; fileEncoding = 4; lastKnownFileType = sourcecode.c.objc; name = VideoParser.m; path = controllers/VideoParser.m; sourceTree = "<group>"; };
		0BC4FCD01005CEBB003F6C1A /* VideoParser.h */ = {isa = PBXFileReference; fileEncoding = 4; lastKnownFileType = sourcecode.c.h; name = VideoParser.h; path = controllers/VideoParser.h; sourceTree = "<group>"; };
		0BC4FCE41005CF9B003F6C1A /* VideoViewController.h */ = {isa = PBXFileReference; fileEncoding = 4; lastKnownFileType = sourcecode.c.h; name = VideoViewController.h; path = views/VideoViewController.h; sourceTree = "<group>"; };
		0BC4FCE51005CF9B003F6C1A /* VideoViewController.m */ = {isa = PBXFileReference; fileEncoding = 4; lastKnownFileType = sourcecode.c.objc; name = VideoViewController.m; path = views/VideoViewController.m; sourceTree = "<group>"; };
		0BCFE1500FFD347800FA3BF1 /* Wrestling_pictogram.png */ = {isa = PBXFileReference; lastKnownFileType = image.png; name = Wrestling_pictogram.png; path = resources/images/pictograms/Wrestling_pictogram.png; sourceTree = "<group>"; };
		0BCFE1510FFD347800FA3BF1 /* Volleyball_(indoor)_pictogram.png */ = {isa = PBXFileReference; lastKnownFileType = image.png; name = "Volleyball_(indoor)_pictogram.png"; path = "resources/images/pictograms/Volleyball_(indoor)_pictogram.png"; sourceTree = "<group>"; };
		0BCFE1520FFD347800FA3BF1 /* Swimming_pictogram.png */ = {isa = PBXFileReference; lastKnownFileType = image.png; name = Swimming_pictogram.png; path = resources/images/pictograms/Swimming_pictogram.png; sourceTree = "<group>"; };
		0BCFE1530FFD347800FA3BF1 /* Rowing_pictogram.png */ = {isa = PBXFileReference; lastKnownFileType = image.png; name = Rowing_pictogram.png; path = resources/images/pictograms/Rowing_pictogram.png; sourceTree = "<group>"; };
		0BCFE1540FFD347800FA3BF1 /* Olympic_pictogram_Ice_hockey.png */ = {isa = PBXFileReference; lastKnownFileType = image.png; name = Olympic_pictogram_Ice_hockey.png; path = resources/images/pictograms/Olympic_pictogram_Ice_hockey.png; sourceTree = "<group>"; };
		0BCFE1550FFD347800FA3BF1 /* Olympic_pictogram_Athletics.png */ = {isa = PBXFileReference; lastKnownFileType = image.png; name = Olympic_pictogram_Athletics.png; path = resources/images/pictograms/Olympic_pictogram_Athletics.png; sourceTree = "<group>"; };
		0BCFE1560FFD347800FA3BF1 /* Gymnastics_(trampoline)_pictogram.png */ = {isa = PBXFileReference; lastKnownFileType = image.png; name = "Gymnastics_(trampoline)_pictogram.png"; path = "resources/images/pictograms/Gymnastics_(trampoline)_pictogram.png"; sourceTree = "<group>"; };
		0BCFE1570FFD347800FA3BF1 /* Gymnastics_(artistic)_pictogram.png */ = {isa = PBXFileReference; lastKnownFileType = image.png; name = "Gymnastics_(artistic)_pictogram.png"; path = "resources/images/pictograms/Gymnastics_(artistic)_pictogram.png"; sourceTree = "<group>"; };
		0BCFE1580FFD347800FA3BF1 /* Futsal_pictogram.png */ = {isa = PBXFileReference; lastKnownFileType = image.png; name = Futsal_pictogram.png; path = resources/images/pictograms/Futsal_pictogram.png; sourceTree = "<group>"; };
		0BCFE1590FFD347800FA3BF1 /* Football_pictogram.png */ = {isa = PBXFileReference; lastKnownFileType = image.png; name = Football_pictogram.png; path = resources/images/pictograms/Football_pictogram.png; sourceTree = "<group>"; };
		0BCFE15A0FFD347800FA3BF1 /* Field_hockey_pictogram.png */ = {isa = PBXFileReference; lastKnownFileType = image.png; name = Field_hockey_pictogram.png; path = resources/images/pictograms/Field_hockey_pictogram.png; sourceTree = "<group>"; };
		0BCFE15B0FFD347800FA3BF1 /* Cycling_(road)_pictogram.png */ = {isa = PBXFileReference; lastKnownFileType = image.png; name = "Cycling_(road)_pictogram.png"; path = "resources/images/pictograms/Cycling_(road)_pictogram.png"; sourceTree = "<group>"; };
		0BCFE15C0FFD347800FA3BF1 /* Basketball_pictogram.png */ = {isa = PBXFileReference; lastKnownFileType = image.png; name = Basketball_pictogram.png; path = resources/images/pictograms/Basketball_pictogram.png; sourceTree = "<group>"; };
		0BCFE15D0FFD347800FA3BF1 /* Baseball_pictogram.png */ = {isa = PBXFileReference; lastKnownFileType = image.png; name = Baseball_pictogram.png; path = resources/images/pictograms/Baseball_pictogram.png; sourceTree = "<group>"; };
		0BCFE16C0FFD348100FA3BF1 /* seal.png */ = {isa = PBXFileReference; lastKnownFileType = image.png; name = seal.png; path = resources/images/logos/seal.png; sourceTree = "<group>"; };
		0BCFE16D0FFD348100FA3BF1 /* logo.png */ = {isa = PBXFileReference; lastKnownFileType = image.png; name = logo.png; path = resources/images/logos/logo.png; sourceTree = "<group>"; };
		0BCFE16E0FFD348100FA3BF1 /* gonu.png */ = {isa = PBXFileReference; lastKnownFileType = image.png; name = gonu.png; path = resources/images/logos/gonu.png; sourceTree = "<group>"; };
		0BCFE1720FFD348A00FA3BF1 /* northeastern-n.png */ = {isa = PBXFileReference; lastKnownFileType = image.png; name = "northeastern-n.png"; path = "resources/images/icons/northeastern-n.png"; sourceTree = "<group>"; };
		0BCFE1730FFD348A00FA3BF1 /* 70-tv.png */ = {isa = PBXFileReference; lastKnownFileType = image.png; name = "70-tv.png"; path = "resources/images/icons/70-tv.png"; sourceTree = "<group>"; };
		0BCFE1740FFD348A00FA3BF1 /* 68-display.png */ = {isa = PBXFileReference; lastKnownFileType = image.png; name = "68-display.png"; path = "resources/images/icons/68-display.png"; sourceTree = "<group>"; };
		0BCFE1750FFD348A00FA3BF1 /* 67-tshirt.png */ = {isa = PBXFileReference; lastKnownFileType = image.png; name = "67-tshirt.png"; path = "resources/images/icons/67-tshirt.png"; sourceTree = "<group>"; };
		0BCFE1760FFD348A00FA3BF1 /* 66-microphone.png */ = {isa = PBXFileReference; lastKnownFileType = image.png; name = "66-microphone.png"; path = "resources/images/icons/66-microphone.png"; sourceTree = "<group>"; };
		0BCFE1770FFD348A00FA3BF1 /* 46-movie2.png */ = {isa = PBXFileReference; lastKnownFileType = image.png; name = "46-movie2.png"; path = "resources/images/icons/46-movie2.png"; sourceTree = "<group>"; };
		0BCFE1780FFD348A00FA3BF1 /* 45-movie1.png */ = {isa = PBXFileReference; lastKnownFileType = image.png; name = "45-movie1.png"; path = "resources/images/icons/45-movie1.png"; sourceTree = "<group>"; };
		0BCFE1790FFD348A00FA3BF1 /* 42-photos.png */ = {isa = PBXFileReference; lastKnownFileType = image.png; name = "42-photos.png"; path = "resources/images/icons/42-photos.png"; sourceTree = "<group>"; };
		0BCFE17A0FFD348A00FA3BF1 /* 41-picture-frame.png */ = {isa = PBXFileReference; lastKnownFileType = image.png; name = "41-picture-frame.png"; path = "resources/images/icons/41-picture-frame.png"; sourceTree = "<group>"; };
		0BCFE17B0FFD348A00FA3BF1 /* 18-envelope.png */ = {isa = PBXFileReference; lastKnownFileType = image.png; name = "18-envelope.png"; path = "resources/images/icons/18-envelope.png"; sourceTree = "<group>"; };
		0BD6535E0FFD32C0005286BD /* FeedItem.xcdatamodel */ = {isa = PBXFileReference; fileEncoding = 4; lastKnownFileType = wrapper.xcdatamodel; name = FeedItem.xcdatamodel; path = resources/models/FeedItem.xcdatamodel; sourceTree = "<group>"; };
		1D30AB110D05D00D00671497 /* Foundation.framework */ = {isa = PBXFileReference; lastKnownFileType = wrapper.framework; name = Foundation.framework; path = System/Library/Frameworks/Foundation.framework; sourceTree = SDKROOT; };
		1D3623240D0F684500981E51 /* MainController.h */ = {isa = PBXFileReference; fileEncoding = 4; lastKnownFileType = sourcecode.c.h; name = MainController.h; path = application/MainController.h; sourceTree = "<group>"; };
		1D3623250D0F684500981E51 /* MainController.m */ = {isa = PBXFileReference; fileEncoding = 4; lastKnownFileType = sourcecode.c.objc; name = MainController.m; path = application/MainController.m; sourceTree = "<group>"; };
		1D6058910D05DD3D006BFB54 /* Go Huskies.app */ = {isa = PBXFileReference; explicitFileType = wrapper.application; includeInIndex = 0; path = "Go Huskies.app"; sourceTree = BUILT_PRODUCTS_DIR; };
		1DF5F4DF0D08C38300B7A737 /* UIKit.framework */ = {isa = PBXFileReference; lastKnownFileType = wrapper.framework; name = UIKit.framework; path = System/Library/Frameworks/UIKit.framework; sourceTree = SDKROOT; };
		28860BE40F44EE6400985440 /* CoreData.framework */ = {isa = PBXFileReference; lastKnownFileType = wrapper.framework; name = CoreData.framework; path = System/Library/Frameworks/CoreData.framework; sourceTree = SDKROOT; };
		2892E40F0DC94CBA00A64D0F /* CoreGraphics.framework */ = {isa = PBXFileReference; lastKnownFileType = wrapper.framework; name = CoreGraphics.framework; path = System/Library/Frameworks/CoreGraphics.framework; sourceTree = SDKROOT; };
		28A0AAE50D9B0CCF005BE974 /* gohuskies_Prefix.pch */ = {isa = PBXFileReference; fileEncoding = 4; lastKnownFileType = sourcecode.c.h; name = gohuskies_Prefix.pch; path = src/application/gohuskies_Prefix.pch; sourceTree = "<group>"; };
		28AD735F0D9D9599002E5188 /* MainWindow.xib */ = {isa = PBXFileReference; lastKnownFileType = file.xib; name = MainWindow.xib; path = resources/localized/MainWindow.xib; sourceTree = "<group>"; };
		28C286DF0D94DF7D0034E888 /* HeadlineViewController.h */ = {isa = PBXFileReference; fileEncoding = 4; lastKnownFileType = sourcecode.c.h; name = HeadlineViewController.h; path = views/HeadlineViewController.h; sourceTree = "<group>"; };
		28C286E00D94DF7D0034E888 /* HeadlineViewController.m */ = {isa = PBXFileReference; fileEncoding = 4; lastKnownFileType = sourcecode.c.objc; name = HeadlineViewController.m; path = views/HeadlineViewController.m; sourceTree = "<group>"; };
		29B97316FDCFA39411CA2CEA /* main.m */ = {isa = PBXFileReference; fileEncoding = 4; lastKnownFileType = sourcecode.c.objc; name = main.m; path = src/application/main.m; sourceTree = "<group>"; };
		8D1107310486CEB800E47090 /* gohuskies-Info.plist */ = {isa = PBXFileReference; fileEncoding = 4; lastKnownFileType = text.plist.xml; name = "gohuskies-Info.plist"; path = "src/application/gohuskies-Info.plist"; plistStructureDefinitionIdentifier = "com.apple.xcode.plist.structure-definition.iphone.info-plist"; sourceTree = "<group>"; };
/* End PBXFileReference section */

/* Begin PBXFrameworksBuildPhase section */
		1D60588F0D05DD3D006BFB54 /* Frameworks */ = {
			isa = PBXFrameworksBuildPhase;
			buildActionMask = 2147483647;
			files = (
				1D60589F0D05DD5A006BFB54 /* Foundation.framework in Frameworks */,
				1DF5F4E00D08C38300B7A737 /* UIKit.framework in Frameworks */,
				2892E4100DC94CBA00A64D0F /* CoreGraphics.framework in Frameworks */,
				28860BE50F44EE6400985440 /* CoreData.framework in Frameworks */,
				0BBA2922100648C600256445 /* MediaPlayer.framework in Frameworks */,
				0B59B519101F32E100AC29EF /* libxml2.dylib in Frameworks */,
			);
			runOnlyForDeploymentPostprocessing = 0;
		};
/* End PBXFrameworksBuildPhase section */

/* Begin PBXGroup section */
		080E96DDFE201D6D7F000001 /* Classes */ = {
			isa = PBXGroup;
			children = (
				0BD653540FFD3181005286BD /* Application */,
				0BD653560FFD31BE005286BD /* Controllers */,
				0BD653550FFD31A9005286BD /* Views */,
				0B59B529101F332100AC29EF /* Utills */,
			);
			name = Classes;
			path = src;
			sourceTree = "<group>";
		};
		0B0C873C1021E967007E2580 /* HTML */ = {
			isa = PBXGroup;
			children = (
				0B0C873E1021E974007E2580 /* NewsDetail.html */,
				0B0C873D1021E974007E2580 /* details.css */,
			);
			name = HTML;
			sourceTree = "<group>";
		};
		0B59B529101F332100AC29EF /* Utills */ = {
			isa = PBXGroup;
			children = (
				0B59B525101F331800AC29EF /* XPathQuery.h */,
				0B59B526101F331800AC29EF /* XPathQuery.m */,
			);
			name = Utills;
			sourceTree = "<group>";
		};
		0BCFE14B0FFD343400FA3BF1 /* Images */ = {
			isa = PBXGroup;
			children = (
				0BCFE14F0FFD345700FA3BF1 /* Icons */,
				0BCFE14E0FFD344F00FA3BF1 /* Pictograms */,
				0BCFE14D0FFD344A00FA3BF1 /* Logos */,
			);
			name = Images;
			sourceTree = "<group>";
		};
		0BCFE14D0FFD344A00FA3BF1 /* Logos */ = {
			isa = PBXGroup;
			children = (
				0BCFE16C0FFD348100FA3BF1 /* seal.png */,
				0BCFE16D0FFD348100FA3BF1 /* logo.png */,
				0BCFE16E0FFD348100FA3BF1 /* gonu.png */,
			);
			name = Logos;
			sourceTree = "<group>";
		};
		0BCFE14E0FFD344F00FA3BF1 /* Pictograms */ = {
			isa = PBXGroup;
			children = (
				0BCFE1500FFD347800FA3BF1 /* Wrestling_pictogram.png */,
				0BCFE1510FFD347800FA3BF1 /* Volleyball_(indoor)_pictogram.png */,
				0BCFE1520FFD347800FA3BF1 /* Swimming_pictogram.png */,
				0BCFE1530FFD347800FA3BF1 /* Rowing_pictogram.png */,
				0BCFE1540FFD347800FA3BF1 /* Olympic_pictogram_Ice_hockey.png */,
				0BCFE1550FFD347800FA3BF1 /* Olympic_pictogram_Athletics.png */,
				0BCFE1560FFD347800FA3BF1 /* Gymnastics_(trampoline)_pictogram.png */,
				0BCFE1570FFD347800FA3BF1 /* Gymnastics_(artistic)_pictogram.png */,
				0BCFE1580FFD347800FA3BF1 /* Futsal_pictogram.png */,
				0BCFE1590FFD347800FA3BF1 /* Football_pictogram.png */,
				0BCFE15A0FFD347800FA3BF1 /* Field_hockey_pictogram.png */,
				0BCFE15B0FFD347800FA3BF1 /* Cycling_(road)_pictogram.png */,
				0BCFE15C0FFD347800FA3BF1 /* Basketball_pictogram.png */,
				0BCFE15D0FFD347800FA3BF1 /* Baseball_pictogram.png */,
			);
			name = Pictograms;
			sourceTree = "<group>";
		};
		0BCFE14F0FFD345700FA3BF1 /* Icons */ = {
			isa = PBXGroup;
			children = (
				0BCFE1720FFD348A00FA3BF1 /* northeastern-n.png */,
				0BCFE1730FFD348A00FA3BF1 /* 70-tv.png */,
				0BCFE1740FFD348A00FA3BF1 /* 68-display.png */,
				0BCFE1750FFD348A00FA3BF1 /* 67-tshirt.png */,
				0BCFE1760FFD348A00FA3BF1 /* 66-microphone.png */,
				0BCFE1770FFD348A00FA3BF1 /* 46-movie2.png */,
				0BCFE1780FFD348A00FA3BF1 /* 45-movie1.png */,
				0BCFE1790FFD348A00FA3BF1 /* 42-photos.png */,
				0BCFE17A0FFD348A00FA3BF1 /* 41-picture-frame.png */,
				0BCFE17B0FFD348A00FA3BF1 /* 18-envelope.png */,
			);
			name = Icons;
			sourceTree = "<group>";
		};
		0BD653540FFD3181005286BD /* Application */ = {
			isa = PBXGroup;
			children = (
				1D3623240D0F684500981E51 /* MainController.h */,
				1D3623250D0F684500981E51 /* MainController.m */,
			);
			name = Application;
			sourceTree = "<group>";
		};
		0BD653550FFD31A9005286BD /* Views */ = {
			isa = PBXGroup;
			children = (
				0B0C873C1021E967007E2580 /* HTML */,
				28C286DF0D94DF7D0034E888 /* HeadlineViewController.h */,
				28C286E00D94DF7D0034E888 /* HeadlineViewController.m */,
				0BC4FB821005B699003F6C1A /* NewsDetailViewController.h */,
				0BC4FB831005B699003F6C1A /* NewsDetailViewController.m */,
				0BC4FCE41005CF9B003F6C1A /* VideoViewController.h */,
				0BC4FCE51005CF9B003F6C1A /* VideoViewController.m */,
			);
			name = Views;
			sourceTree = "<group>";
		};
		0BD653560FFD31BE005286BD /* Controllers */ = {
			isa = PBXGroup;
			children = (
				0B3E1932100B573B009F505C /* Constants.h */,
				0B3F06581004CAF2005C1183 /* FeedParser.h */,
				0B3F06591004CAF2005C1183 /* FeedParser.m */,
				0BC4FCD01005CEBB003F6C1A /* VideoParser.h */,
				0BC4FCCF1005CEBB003F6C1A /* VideoParser.m */,
			);
			name = Controllers;
			sourceTree = "<group>";
		};
		0BD653600FFD32C7005286BD /* XIBs */ = {
			isa = PBXGroup;
			children = (
				28AD735F0D9D9599002E5188 /* MainWindow.xib */,
				0BC4FB7A1005B5D9003F6C1A /* NewsItemDetailView.xib */,
			);
			name = XIBs;
			sourceTree = "<group>";
		};
		0BD653610FFD32CD005286BD /* Models */ = {
			isa = PBXGroup;
			children = (
				0BD6535E0FFD32C0005286BD /* FeedItem.xcdatamodel */,
			);
			name = Models;
			sourceTree = "<group>";
		};
		19C28FACFE9D520D11CA2CBB /* Products */ = {
			isa = PBXGroup;
			children = (
				1D6058910D05DD3D006BFB54 /* Go Huskies.app */,
			);
			name = Products;
			sourceTree = "<group>";
		};
		29B97314FDCFA39411CA2CEA /* CustomTemplate */ = {
			isa = PBXGroup;
			children = (
				080E96DDFE201D6D7F000001 /* Classes */,
				29B97315FDCFA39411CA2CEA /* Other Sources */,
				29B97317FDCFA39411CA2CEA /* Resources */,
				29B97323FDCFA39411CA2CEA /* Frameworks */,
				19C28FACFE9D520D11CA2CBB /* Products */,
				0B59B518101F32E100AC29EF /* libxml2.dylib */,
			);
			name = CustomTemplate;
			sourceTree = "<group>";
		};
		29B97315FDCFA39411CA2CEA /* Other Sources */ = {
			isa = PBXGroup;
			children = (
				28A0AAE50D9B0CCF005BE974 /* gohuskies_Prefix.pch */,
				29B97316FDCFA39411CA2CEA /* main.m */,
			);
			name = "Other Sources";
			sourceTree = "<group>";
		};
		29B97317FDCFA39411CA2CEA /* Resources */ = {
			isa = PBXGroup;
			children = (
				0BCFE14B0FFD343400FA3BF1 /* Images */,
				0BD653610FFD32CD005286BD /* Models */,
				0BD653600FFD32C7005286BD /* XIBs */,
				8D1107310486CEB800E47090 /* gohuskies-Info.plist */,
			);
			name = Resources;
			sourceTree = "<group>";
		};
		29B97323FDCFA39411CA2CEA /* Frameworks */ = {
			isa = PBXGroup;
			children = (
				0BBA2921100648C600256445 /* MediaPlayer.framework */,
				1DF5F4DF0D08C38300B7A737 /* UIKit.framework */,
				1D30AB110D05D00D00671497 /* Foundation.framework */,
				2892E40F0DC94CBA00A64D0F /* CoreGraphics.framework */,
				28860BE40F44EE6400985440 /* CoreData.framework */,
			);
			name = Frameworks;
			sourceTree = "<group>";
		};
/* End PBXGroup section */

/* Begin PBXNativeTarget section */
		1D6058900D05DD3D006BFB54 /* gohuskies */ = {
			isa = PBXNativeTarget;
			buildConfigurationList = 1D6058960D05DD3E006BFB54 /* Build configuration list for PBXNativeTarget "gohuskies" */;
			buildPhases = (
				1D60588D0D05DD3D006BFB54 /* Resources */,
				1D60588E0D05DD3D006BFB54 /* Sources */,
				1D60588F0D05DD3D006BFB54 /* Frameworks */,
			);
			buildRules = (
			);
			dependencies = (
			);
			name = gohuskies;
			productName = gohuskies;
			productReference = 1D6058910D05DD3D006BFB54 /* Go Huskies.app */;
			productType = "com.apple.product-type.application";
		};
/* End PBXNativeTarget section */

/* Begin PBXProject section */
		29B97313FDCFA39411CA2CEA /* Project object */ = {
			isa = PBXProject;
			buildConfigurationList = C01FCF4E08A954540054247B /* Build configuration list for PBXProject "gohuskies" */;
			compatibilityVersion = "Xcode 3.1";
			hasScannedForEncodings = 1;
			knownRegions = (
				English,
				Japanese,
				French,
				German,
				en,
			);
			mainGroup = 29B97314FDCFA39411CA2CEA /* CustomTemplate */;
			projectDirPath = "";
			projectRoot = "";
			targets = (
				1D6058900D05DD3D006BFB54 /* gohuskies */,
			);
		};
/* End PBXProject section */

/* Begin PBXResourcesBuildPhase section */
		1D60588D0D05DD3D006BFB54 /* Resources */ = {
			isa = PBXResourcesBuildPhase;
			buildActionMask = 2147483647;
			files = (
				28AD73600D9D9599002E5188 /* MainWindow.xib in Resources */,
				0BCFE15E0FFD347800FA3BF1 /* Wrestling_pictogram.png in Resources */,
				0BCFE15F0FFD347800FA3BF1 /* Volleyball_(indoor)_pictogram.png in Resources */,
				0BCFE1600FFD347800FA3BF1 /* Swimming_pictogram.png in Resources */,
				0BCFE1610FFD347800FA3BF1 /* Rowing_pictogram.png in Resources */,
				0BCFE1620FFD347800FA3BF1 /* Olympic_pictogram_Ice_hockey.png in Resources */,
				0BCFE1630FFD347800FA3BF1 /* Olympic_pictogram_Athletics.png in Resources */,
				0BCFE1640FFD347800FA3BF1 /* Gymnastics_(trampoline)_pictogram.png in Resources */,
				0BCFE1650FFD347800FA3BF1 /* Gymnastics_(artistic)_pictogram.png in Resources */,
				0BCFE1660FFD347800FA3BF1 /* Futsal_pictogram.png in Resources */,
				0BCFE1670FFD347800FA3BF1 /* Football_pictogram.png in Resources */,
				0BCFE1680FFD347800FA3BF1 /* Field_hockey_pictogram.png in Resources */,
				0BCFE1690FFD347800FA3BF1 /* Cycling_(road)_pictogram.png in Resources */,
				0BCFE16A0FFD347800FA3BF1 /* Basketball_pictogram.png in Resources */,
				0BCFE16B0FFD347800FA3BF1 /* Baseball_pictogram.png in Resources */,
				0BCFE16F0FFD348100FA3BF1 /* seal.png in Resources */,
				0BCFE1700FFD348100FA3BF1 /* logo.png in Resources */,
				0BCFE1710FFD348100FA3BF1 /* gonu.png in Resources */,
				0BCFE17C0FFD348A00FA3BF1 /* northeastern-n.png in Resources */,
				0BCFE17D0FFD348A00FA3BF1 /* 70-tv.png in Resources */,
				0BCFE17E0FFD348A00FA3BF1 /* 68-display.png in Resources */,
				0BCFE17F0FFD348A00FA3BF1 /* 67-tshirt.png in Resources */,
				0BCFE1800FFD348A00FA3BF1 /* 66-microphone.png in Resources */,
				0BCFE1810FFD348A00FA3BF1 /* 46-movie2.png in Resources */,
				0BCFE1820FFD348A00FA3BF1 /* 45-movie1.png in Resources */,
				0BCFE1830FFD348A00FA3BF1 /* 42-photos.png in Resources */,
				0BCFE1840FFD348A00FA3BF1 /* 41-picture-frame.png in Resources */,
				0BCFE1850FFD348A00FA3BF1 /* 18-envelope.png in Resources */,
				0BC4FB7B1005B5D9003F6C1A /* NewsItemDetailView.xib in Resources */,
				0B0C873F1021E974007E2580 /* details.css in Resources */,
				0B0C87401021E974007E2580 /* NewsDetail.html in Resources */,
			);
			runOnlyForDeploymentPostprocessing = 0;
		};
/* End PBXResourcesBuildPhase section */

/* Begin PBXSourcesBuildPhase section */
		1D60588E0D05DD3D006BFB54 /* Sources */ = {
			isa = PBXSourcesBuildPhase;
			buildActionMask = 2147483647;
			files = (
				1D60589B0D05DD56006BFB54 /* main.m in Sources */,
				1D3623260D0F684500981E51 /* MainController.m in Sources */,
				28C286E10D94DF7D0034E888 /* HeadlineViewController.m in Sources */,
				0BD6535F0FFD32C0005286BD /* FeedItem.xcdatamodel in Sources */,
				0B3F065B1004CAF2005C1183 /* FeedParser.m in Sources */,
				0BC4FB841005B699003F6C1A /* NewsDetailViewController.m in Sources */,
				0BC4FCD11005CEBB003F6C1A /* VideoParser.m in Sources */,
				0BC4FCE61005CF9B003F6C1A /* VideoViewController.m in Sources */,
				0B59B527101F331800AC29EF /* XPathQuery.m in Sources */,
			);
			runOnlyForDeploymentPostprocessing = 0;
		};
/* End PBXSourcesBuildPhase section */

/* Begin XCBuildConfiguration section */
		1D6058940D05DD3E006BFB54 /* Debug */ = {
			isa = XCBuildConfiguration;
			buildSettings = {
				ALWAYS_SEARCH_USER_PATHS = NO;
				COPY_PHASE_STRIP = NO;
				GCC_DYNAMIC_NO_PIC = NO;
				GCC_OPTIMIZATION_LEVEL = 0;
				GCC_PRECOMPILE_PREFIX_HEADER = YES;
				GCC_PREFIX_HEADER = src/application/gohuskies_Prefix.pch;
				PRODUCT_NAME = "Go Huskies";
			};
			name = Debug;
		};
		1D6058950D05DD3E006BFB54 /* Release */ = {
			isa = XCBuildConfiguration;
			buildSettings = {
				ALWAYS_SEARCH_USER_PATHS = NO;
				COPY_PHASE_STRIP = YES;
				GCC_PRECOMPILE_PREFIX_HEADER = YES;
				GCC_PREFIX_HEADER = src/application/gohuskies_Prefix.pch;
				PRODUCT_NAME = "Go Huskies";
			};
			name = Release;
		};
		C01FCF4F08A954540054247B /* Debug */ = {
			isa = XCBuildConfiguration;
			buildSettings = {
				ARCHS = "$(ARCHS_STANDARD_32_BIT)";
				"CODE_SIGN_IDENTITY[sdk=iphoneos*]" = "iPhone Developer";
				GCC_C_LANGUAGE_STANDARD = c99;
				GCC_WARN_ABOUT_RETURN_TYPE = YES;
				GCC_WARN_UNUSED_VARIABLE = YES;
				HEADER_SEARCH_PATHS = /Developer/Platforms/iPhoneOS.platform/Developer/SDKs/iPhoneOS3.0.sdk/usr/include/libxml2/;
				INFOPLIST_FILE = "src/application/gohuskies-Info.plist";
				PREBINDING = NO;
				SDKROOT = iphoneos3.0;
			};
			name = Debug;
		};
		C01FCF5008A954540054247B /* Release */ = {
			isa = XCBuildConfiguration;
			buildSettings = {
				ARCHS = "$(ARCHS_STANDARD_32_BIT)";
				"CODE_SIGN_IDENTITY[sdk=iphoneos*]" = "iPhone Developer";
				GCC_C_LANGUAGE_STANDARD = c99;
				GCC_WARN_ABOUT_RETURN_TYPE = YES;
				GCC_WARN_UNUSED_VARIABLE = YES;
				HEADER_SEARCH_PATHS = /Developer/Platforms/iPhoneOS.platform/Developer/SDKs/iPhoneOS3.0.sdk/usr/include/libxml2/;
				INFOPLIST_FILE = "src/application/gohuskies-Info.plist";
				PREBINDING = NO;
				SDKROOT = iphoneos3.0;
			};
			name = Release;
		};
/* End XCBuildConfiguration section */

/* Begin XCConfigurationList section */
		1D6058960D05DD3E006BFB54 /* Build configuration list for PBXNativeTarget "gohuskies" */ = {
			isa = XCConfigurationList;
			buildConfigurations = (
				1D6058940D05DD3E006BFB54 /* Debug */,
				1D6058950D05DD3E006BFB54 /* Release */,
			);
			defaultConfigurationIsVisible = 0;
			defaultConfigurationName = Release;
		};
		C01FCF4E08A954540054247B /* Build configuration list for PBXProject "gohuskies" */ = {
			isa = XCConfigurationList;
			buildConfigurations = (
				C01FCF4F08A954540054247B /* Debug */,
				C01FCF5008A954540054247B /* Release */,
			);
			defaultConfigurationIsVisible = 0;
			defaultConfigurationName = Release;
		};
/* End XCConfigurationList section */
	};
	rootObject = 29B97313FDCFA39411CA2CEA /* Project object */;
}
